// !$*UTF8*$!
{
	archiveVersion = 1;
	classes = {
	};
	objectVersion = 50;
	objects = {

/* Begin PBXBuildFile section */
		D819C43221CDB4D1007A8754 /* PresentCardAnimator.swift in Sources */ = {isa = PBXBuildFile; fileRef = D819C43121CDB4D1007A8754 /* PresentCardAnimator.swift */; };
		D819C43421CDB4F9007A8754 /* CardPresentationController.swift in Sources */ = {isa = PBXBuildFile; fileRef = D819C43321CDB4F9007A8754 /* CardPresentationController.swift */; };
		D819C43621CDB519007A8754 /* CardTransition.swift in Sources */ = {isa = PBXBuildFile; fileRef = D819C43521CDB519007A8754 /* CardTransition.swift */; };
		D819C43821CDB535007A8754 /* DismissCardAnimator.swift in Sources */ = {isa = PBXBuildFile; fileRef = D819C43721CDB535007A8754 /* DismissCardAnimator.swift */; };
		D819C43A21CDB6CF007A8754 /* Constants.swift in Sources */ = {isa = PBXBuildFile; fileRef = D819C43921CDB6CF007A8754 /* Constants.swift */; };
		D819C43D21CDB791007A8754 /* NibLoadable.swift in Sources */ = {isa = PBXBuildFile; fileRef = D819C43C21CDB791007A8754 /* NibLoadable.swift */; };
		D819C43F21CDB7B6007A8754 /* ShowTime.swift in Sources */ = {isa = PBXBuildFile; fileRef = D819C43E21CDB7B6007A8754 /* ShowTime.swift */; };
		D819C44121CDB7D1007A8754 /* StatusBarAnimatable.swift in Sources */ = {isa = PBXBuildFile; fileRef = D819C44021CDB7D1007A8754 /* StatusBarAnimatable.swift */; };
		D819C44321CDB7FD007A8754 /* StatusBarAnimatableViewController.swift in Sources */ = {isa = PBXBuildFile; fileRef = D819C44221CDB7FD007A8754 /* StatusBarAnimatableViewController.swift */; };
		D819C44521CDB82D007A8754 /* UIView+AutoLayout.swift in Sources */ = {isa = PBXBuildFile; fileRef = D819C44421CDB82D007A8754 /* UIView+AutoLayout.swift */; };
		D819C44721CDC226007A8754 /* CardContentView.swift in Sources */ = {isa = PBXBuildFile; fileRef = D819C44621CDC226007A8754 /* CardContentView.swift */; };
		D819C44921CDD3EE007A8754 /* PopUpCollectionViewCell.xib in Resources */ = {isa = PBXBuildFile; fileRef = D819C44821CDD3EE007A8754 /* PopUpCollectionViewCell.xib */; };
		D819C44B21CDD3F5007A8754 /* CardContentView.xib in Resources */ = {isa = PBXBuildFile; fileRef = D819C44A21CDD3F5007A8754 /* CardContentView.xib */; };
		D819C44D21CDD5E1007A8754 /* Main.storyboard in Resources */ = {isa = PBXBuildFile; fileRef = D819C44C21CDD5E1007A8754 /* Main.storyboard */; };
		D8B4752B209BC7AF00707B6F /* AppDelegate.swift in Sources */ = {isa = PBXBuildFile; fileRef = D8B4752A209BC7AF00707B6F /* AppDelegate.swift */; };
		D8B4752D209BC7AF00707B6F /* FeedVC.swift in Sources */ = {isa = PBXBuildFile; fileRef = D8B4752C209BC7AF00707B6F /* FeedVC.swift */; };
		D8B47532209BC7B300707B6F /* Assets.xcassets in Resources */ = {isa = PBXBuildFile; fileRef = D8B47531209BC7B300707B6F /* Assets.xcassets */; };
		D8B47535209BC7B300707B6F /* LaunchScreen.storyboard in Resources */ = {isa = PBXBuildFile; fileRef = D8B47533209BC7B300707B6F /* LaunchScreen.storyboard */; };
		D8B47540209BC7B300707B6F /* Collection_View_AppStoreIITests.swift in Sources */ = {isa = PBXBuildFile; fileRef = D8B4753F209BC7B300707B6F /* Collection_View_AppStoreIITests.swift */; };
		D8B96AD720A7D30200A1245A /* WallpaperItem.swift in Sources */ = {isa = PBXBuildFile; fileRef = D8B96AD620A7D30200A1245A /* WallpaperItem.swift */; };
		D8B96AE120A8B47200A1245A /* PopUpDetailVC.swift in Sources */ = {isa = PBXBuildFile; fileRef = D8B96AE020A8B47200A1245A /* PopUpDetailVC.swift */; };
		D8B96AE620A8BC6400A1245A /* PopUpCollectionViewCell.swift in Sources */ = {isa = PBXBuildFile; fileRef = D8B96AE420A8BC6400A1245A /* PopUpCollectionViewCell.swift */; };
/* End PBXBuildFile section */

/* Begin PBXContainerItemProxy section */
		D8B4753C209BC7B300707B6F /* PBXContainerItemProxy */ = {
			isa = PBXContainerItemProxy;
			containerPortal = D8B4751F209BC7AF00707B6F /* Project object */;
			proxyType = 1;
			remoteGlobalIDString = D8B47526209BC7AF00707B6F;
			remoteInfo = "Collection-View-AppStoreII";
		};
/* End PBXContainerItemProxy section */

/* Begin PBXFileReference section */
		D819C43121CDB4D1007A8754 /* PresentCardAnimator.swift */ = {isa = PBXFileReference; lastKnownFileType = sourcecode.swift; path = PresentCardAnimator.swift; sourceTree = "<group>"; };
		D819C43321CDB4F9007A8754 /* CardPresentationController.swift */ = {isa = PBXFileReference; lastKnownFileType = sourcecode.swift; path = CardPresentationController.swift; sourceTree = "<group>"; };
		D819C43521CDB519007A8754 /* CardTransition.swift */ = {isa = PBXFileReference; lastKnownFileType = sourcecode.swift; path = CardTransition.swift; sourceTree = "<group>"; };
		D819C43721CDB535007A8754 /* DismissCardAnimator.swift */ = {isa = PBXFileReference; lastKnownFileType = sourcecode.swift; path = DismissCardAnimator.swift; sourceTree = "<group>"; };
		D819C43921CDB6CF007A8754 /* Constants.swift */ = {isa = PBXFileReference; lastKnownFileType = sourcecode.swift; path = Constants.swift; sourceTree = "<group>"; };
		D819C43C21CDB791007A8754 /* NibLoadable.swift */ = {isa = PBXFileReference; lastKnownFileType = sourcecode.swift; path = NibLoadable.swift; sourceTree = "<group>"; };
		D819C43E21CDB7B6007A8754 /* ShowTime.swift */ = {isa = PBXFileReference; lastKnownFileType = sourcecode.swift; path = ShowTime.swift; sourceTree = "<group>"; };
		D819C44021CDB7D1007A8754 /* StatusBarAnimatable.swift */ = {isa = PBXFileReference; lastKnownFileType = sourcecode.swift; path = StatusBarAnimatable.swift; sourceTree = "<group>"; };
		D819C44221CDB7FD007A8754 /* StatusBarAnimatableViewController.swift */ = {isa = PBXFileReference; lastKnownFileType = sourcecode.swift; path = StatusBarAnimatableViewController.swift; sourceTree = "<group>"; };
		D819C44421CDB82D007A8754 /* UIView+AutoLayout.swift */ = {isa = PBXFileReference; lastKnownFileType = sourcecode.swift; path = "UIView+AutoLayout.swift"; sourceTree = "<group>"; };
		D819C44621CDC226007A8754 /* CardContentView.swift */ = {isa = PBXFileReference; lastKnownFileType = sourcecode.swift; path = CardContentView.swift; sourceTree = "<group>"; };
		D819C44821CDD3EE007A8754 /* PopUpCollectionViewCell.xib */ = {isa = PBXFileReference; fileEncoding = 4; lastKnownFileType = file.xib; path = PopUpCollectionViewCell.xib; sourceTree = "<group>"; };
		D819C44A21CDD3F5007A8754 /* CardContentView.xib */ = {isa = PBXFileReference; fileEncoding = 4; lastKnownFileType = file.xib; path = CardContentView.xib; sourceTree = "<group>"; };
		D819C44C21CDD5E1007A8754 /* Main.storyboard */ = {isa = PBXFileReference; fileEncoding = 4; lastKnownFileType = file.storyboard; path = Main.storyboard; sourceTree = "<group>"; };
		D8B47527209BC7AF00707B6F /* Collection-View-AppStoreII.app */ = {isa = PBXFileReference; explicitFileType = wrapper.application; includeInIndex = 0; path = "Collection-View-AppStoreII.app"; sourceTree = BUILT_PRODUCTS_DIR; };
		D8B4752A209BC7AF00707B6F /* AppDelegate.swift */ = {isa = PBXFileReference; lastKnownFileType = sourcecode.swift; path = AppDelegate.swift; sourceTree = "<group>"; };
		D8B4752C209BC7AF00707B6F /* FeedVC.swift */ = {isa = PBXFileReference; lastKnownFileType = sourcecode.swift; path = FeedVC.swift; sourceTree = "<group>"; };
		D8B47531209BC7B300707B6F /* Assets.xcassets */ = {isa = PBXFileReference; lastKnownFileType = folder.assetcatalog; path = Assets.xcassets; sourceTree = "<group>"; };
		D8B47534209BC7B300707B6F /* Base */ = {isa = PBXFileReference; lastKnownFileType = file.storyboard; name = Base; path = Base.lproj/LaunchScreen.storyboard; sourceTree = "<group>"; };
		D8B47536209BC7B300707B6F /* Info.plist */ = {isa = PBXFileReference; lastKnownFileType = text.plist.xml; path = Info.plist; sourceTree = "<group>"; };
		D8B4753B209BC7B300707B6F /* Collection-View-AppStoreIITests.xctest */ = {isa = PBXFileReference; explicitFileType = wrapper.cfbundle; includeInIndex = 0; path = "Collection-View-AppStoreIITests.xctest"; sourceTree = BUILT_PRODUCTS_DIR; };
		D8B4753F209BC7B300707B6F /* Collection_View_AppStoreIITests.swift */ = {isa = PBXFileReference; lastKnownFileType = sourcecode.swift; path = Collection_View_AppStoreIITests.swift; sourceTree = "<group>"; };
		D8B47541209BC7B300707B6F /* Info.plist */ = {isa = PBXFileReference; lastKnownFileType = text.plist.xml; path = Info.plist; sourceTree = "<group>"; };
		D8B96AD620A7D30200A1245A /* WallpaperItem.swift */ = {isa = PBXFileReference; lastKnownFileType = sourcecode.swift; path = WallpaperItem.swift; sourceTree = "<group>"; };
		D8B96AE020A8B47200A1245A /* PopUpDetailVC.swift */ = {isa = PBXFileReference; lastKnownFileType = sourcecode.swift; path = PopUpDetailVC.swift; sourceTree = "<group>"; };
		D8B96AE420A8BC6400A1245A /* PopUpCollectionViewCell.swift */ = {isa = PBXFileReference; lastKnownFileType = sourcecode.swift; path = PopUpCollectionViewCell.swift; sourceTree = "<group>"; };
/* End PBXFileReference section */

/* Begin PBXFrameworksBuildPhase section */
		D8B47524209BC7AF00707B6F /* Frameworks */ = {
			isa = PBXFrameworksBuildPhase;
			buildActionMask = 2147483647;
			files = (
			);
			runOnlyForDeploymentPostprocessing = 0;
		};
		D8B47538209BC7B300707B6F /* Frameworks */ = {
			isa = PBXFrameworksBuildPhase;
			buildActionMask = 2147483647;
			files = (
			);
			runOnlyForDeploymentPostprocessing = 0;
		};
/* End PBXFrameworksBuildPhase section */

/* Begin PBXGroup section */
		D819C43021CDB4BC007A8754 /* Animation */ = {
			isa = PBXGroup;
			children = (
				D819C43B21CDB778007A8754 /* Transition */,
				D819C43C21CDB791007A8754 /* NibLoadable.swift */,
				D819C43E21CDB7B6007A8754 /* ShowTime.swift */,
				D819C44021CDB7D1007A8754 /* StatusBarAnimatable.swift */,
				D819C44221CDB7FD007A8754 /* StatusBarAnimatableViewController.swift */,
				D819C44421CDB82D007A8754 /* UIView+AutoLayout.swift */,
			);
			path = Animation;
			sourceTree = "<group>";
		};
		D819C43B21CDB778007A8754 /* Transition */ = {
			isa = PBXGroup;
			children = (
				D819C43721CDB535007A8754 /* DismissCardAnimator.swift */,
				D819C43521CDB519007A8754 /* CardTransition.swift */,
				D819C43321CDB4F9007A8754 /* CardPresentationController.swift */,
				D819C43121CDB4D1007A8754 /* PresentCardAnimator.swift */,
			);
			path = Transition;
			sourceTree = "<group>";
		};
		D8B4751E209BC7AF00707B6F = {
			isa = PBXGroup;
			children = (
				D8B47529209BC7AF00707B6F /* Collection-View-AppStoreII */,
				D8B4753E209BC7B300707B6F /* Collection-View-AppStoreIITests */,
				D8B47528209BC7AF00707B6F /* Products */,
			);
			sourceTree = "<group>";
		};
		D8B47528209BC7AF00707B6F /* Products */ = {
			isa = PBXGroup;
			children = (
				D8B47527209BC7AF00707B6F /* Collection-View-AppStoreII.app */,
				D8B4753B209BC7B300707B6F /* Collection-View-AppStoreIITests.xctest */,
			);
			name = Products;
			sourceTree = "<group>";
		};
		D8B47529209BC7AF00707B6F /* Collection-View-AppStoreII */ = {
			isa = PBXGroup;
			children = (
				D819C43021CDB4BC007A8754 /* Animation */,
				D8B96AD820A7D30800A1245A /* Model */,
				D8B96AD920A7D30C00A1245A /* View */,
				D8B96ADA20A7D31C00A1245A /* Controller */,
				D8B4752A209BC7AF00707B6F /* AppDelegate.swift */,
				D819C44C21CDD5E1007A8754 /* Main.storyboard */,
				D8B47531209BC7B300707B6F /* Assets.xcassets */,
				D8B47533209BC7B300707B6F /* LaunchScreen.storyboard */,
				D8B47536209BC7B300707B6F /* Info.plist */,
			);
			path = "Collection-View-AppStoreII";
			sourceTree = "<group>";
		};
		D8B4753E209BC7B300707B6F /* Collection-View-AppStoreIITests */ = {
			isa = PBXGroup;
			children = (
				D8B4753F209BC7B300707B6F /* Collection_View_AppStoreIITests.swift */,
				D8B47541209BC7B300707B6F /* Info.plist */,
			);
			path = "Collection-View-AppStoreIITests";
			sourceTree = "<group>";
		};
		D8B96AD820A7D30800A1245A /* Model */ = {
			isa = PBXGroup;
			children = (
				D8B96AD620A7D30200A1245A /* WallpaperItem.swift */,
				D819C43921CDB6CF007A8754 /* Constants.swift */,
			);
			path = Model;
			sourceTree = "<group>";
		};
		D8B96AD920A7D30C00A1245A /* View */ = {
			isa = PBXGroup;
			children = (
				D819C44621CDC226007A8754 /* CardContentView.swift */,
				D819C44A21CDD3F5007A8754 /* CardContentView.xib */,
				D8B96AE420A8BC6400A1245A /* PopUpCollectionViewCell.swift */,
				D819C44821CDD3EE007A8754 /* PopUpCollectionViewCell.xib */,
			);
			path = View;
			sourceTree = "<group>";
		};
		D8B96ADA20A7D31C00A1245A /* Controller */ = {
			isa = PBXGroup;
			children = (
				D8B4752C209BC7AF00707B6F /* FeedVC.swift */,
				D8B96AE020A8B47200A1245A /* PopUpDetailVC.swift */,
			);
			path = Controller;
			sourceTree = "<group>";
		};
/* End PBXGroup section */

/* Begin PBXNativeTarget section */
		D8B47526209BC7AF00707B6F /* Collection-View-AppStoreII */ = {
			isa = PBXNativeTarget;
			buildConfigurationList = D8B47544209BC7B300707B6F /* Build configuration list for PBXNativeTarget "Collection-View-AppStoreII" */;
			buildPhases = (
				D8B47523209BC7AF00707B6F /* Sources */,
				D8B47524209BC7AF00707B6F /* Frameworks */,
				D8B47525209BC7AF00707B6F /* Resources */,
			);
			buildRules = (
			);
			dependencies = (
			);
			name = "Collection-View-AppStoreII";
			productName = "Collection-View-AppStoreII";
			productReference = D8B47527209BC7AF00707B6F /* Collection-View-AppStoreII.app */;
			productType = "com.apple.product-type.application";
		};
		D8B4753A209BC7B300707B6F /* Collection-View-AppStoreIITests */ = {
			isa = PBXNativeTarget;
			buildConfigurationList = D8B47547209BC7B300707B6F /* Build configuration list for PBXNativeTarget "Collection-View-AppStoreIITests" */;
			buildPhases = (
				D8B47537209BC7B300707B6F /* Sources */,
				D8B47538209BC7B300707B6F /* Frameworks */,
				D8B47539209BC7B300707B6F /* Resources */,
			);
			buildRules = (
			);
			dependencies = (
				D8B4753D209BC7B300707B6F /* PBXTargetDependency */,
			);
			name = "Collection-View-AppStoreIITests";
			productName = "Collection-View-AppStoreIITests";
			productReference = D8B4753B209BC7B300707B6F /* Collection-View-AppStoreIITests.xctest */;
			productType = "com.apple.product-type.bundle.unit-test";
		};
/* End PBXNativeTarget section */

/* Begin PBXProject section */
		D8B4751F209BC7AF00707B6F /* Project object */ = {
			isa = PBXProject;
			attributes = {
				LastSwiftUpdateCheck = 0930;
				LastUpgradeCheck = 0930;
				ORGANIZATIONNAME = "Fam Design";
				TargetAttributes = {
					D8B47526209BC7AF00707B6F = {
						CreatedOnToolsVersion = 9.3;
						LastSwiftMigration = 1000;
					};
					D8B4753A209BC7B300707B6F = {
						CreatedOnToolsVersion = 9.3;
						LastSwiftMigration = 1000;
						TestTargetID = D8B47526209BC7AF00707B6F;
					};
				};
			};
			buildConfigurationList = D8B47522209BC7AF00707B6F /* Build configuration list for PBXProject "Collection-View-AppStoreII" */;
			compatibilityVersion = "Xcode 9.3";
			developmentRegion = en;
			hasScannedForEncodings = 0;
			knownRegions = (
				en,
				Base,
			);
			mainGroup = D8B4751E209BC7AF00707B6F;
			productRefGroup = D8B47528209BC7AF00707B6F /* Products */;
			projectDirPath = "";
			projectRoot = "";
			targets = (
				D8B47526209BC7AF00707B6F /* Collection-View-AppStoreII */,
				D8B4753A209BC7B300707B6F /* Collection-View-AppStoreIITests */,
			);
		};
/* End PBXProject section */

/* Begin PBXResourcesBuildPhase section */
		D8B47525209BC7AF00707B6F /* Resources */ = {
			isa = PBXResourcesBuildPhase;
			buildActionMask = 2147483647;
			files = (
				D819C44B21CDD3F5007A8754 /* CardContentView.xib in Resources */,
				D819C44D21CDD5E1007A8754 /* Main.storyboard in Resources */,
				D8B47535209BC7B300707B6F /* LaunchScreen.storyboard in Resources */,
				D819C44921CDD3EE007A8754 /* PopUpCollectionViewCell.xib in Resources */,
				D8B47532209BC7B300707B6F /* Assets.xcassets in Resources */,
			);
			runOnlyForDeploymentPostprocessing = 0;
		};
		D8B47539209BC7B300707B6F /* Resources */ = {
			isa = PBXResourcesBuildPhase;
			buildActionMask = 2147483647;
			files = (
			);
			runOnlyForDeploymentPostprocessing = 0;
		};
/* End PBXResourcesBuildPhase section */

/* Begin PBXSourcesBuildPhase section */
		D8B47523209BC7AF00707B6F /* Sources */ = {
			isa = PBXSourcesBuildPhase;
			buildActionMask = 2147483647;
			files = (
				D819C44721CDC226007A8754 /* CardContentView.swift in Sources */,
				D819C44521CDB82D007A8754 /* UIView+AutoLayout.swift in Sources */,
				D8B96AE120A8B47200A1245A /* PopUpDetailVC.swift in Sources */,
				D819C43221CDB4D1007A8754 /* PresentCardAnimator.swift in Sources */,
				D819C44121CDB7D1007A8754 /* StatusBarAnimatable.swift in Sources */,
				D819C43421CDB4F9007A8754 /* CardPresentationController.swift in Sources */,
				D819C43821CDB535007A8754 /* DismissCardAnimator.swift in Sources */,
				D819C43621CDB519007A8754 /* CardTransition.swift in Sources */,
				D8B96AD720A7D30200A1245A /* WallpaperItem.swift in Sources */,
				D819C44321CDB7FD007A8754 /* StatusBarAnimatableViewController.swift in Sources */,
				D8B4752D209BC7AF00707B6F /* FeedVC.swift in Sources */,
				D8B4752B209BC7AF00707B6F /* AppDelegate.swift in Sources */,
				D8B96AE620A8BC6400A1245A /* PopUpCollectionViewCell.swift in Sources */,
				D819C43D21CDB791007A8754 /* NibLoadable.swift in Sources */,
				D819C43A21CDB6CF007A8754 /* Constants.swift in Sources */,
				D819C43F21CDB7B6007A8754 /* ShowTime.swift in Sources */,
			);
			runOnlyForDeploymentPostprocessing = 0;
		};
		D8B47537209BC7B300707B6F /* Sources */ = {
			isa = PBXSourcesBuildPhase;
			buildActionMask = 2147483647;
			files = (
				D8B47540209BC7B300707B6F /* Collection_View_AppStoreIITests.swift in Sources */,
			);
			runOnlyForDeploymentPostprocessing = 0;
		};
/* End PBXSourcesBuildPhase section */

/* Begin PBXTargetDependency section */
		D8B4753D209BC7B300707B6F /* PBXTargetDependency */ = {
			isa = PBXTargetDependency;
			target = D8B47526209BC7AF00707B6F /* Collection-View-AppStoreII */;
			targetProxy = D8B4753C209BC7B300707B6F /* PBXContainerItemProxy */;
		};
/* End PBXTargetDependency section */

/* Begin PBXVariantGroup section */
		D8B47533209BC7B300707B6F /* LaunchScreen.storyboard */ = {
			isa = PBXVariantGroup;
			children = (
				D8B47534209BC7B300707B6F /* Base */,
			);
			name = LaunchScreen.storyboard;
			sourceTree = "<group>";
		};
/* End PBXVariantGroup section */

/* Begin XCBuildConfiguration section */
		D8B47542209BC7B300707B6F /* Debug */ = {
			isa = XCBuildConfiguration;
			buildSettings = {
				ALWAYS_SEARCH_USER_PATHS = NO;
				CLANG_ANALYZER_NONNULL = YES;
				CLANG_ANALYZER_NUMBER_OBJECT_CONVERSION = YES_AGGRESSIVE;
				CLANG_CXX_LANGUAGE_STANDARD = "gnu++14";
				CLANG_CXX_LIBRARY = "libc++";
				CLANG_ENABLE_MODULES = YES;
				CLANG_ENABLE_OBJC_ARC = YES;
				CLANG_ENABLE_OBJC_WEAK = YES;
				CLANG_WARN_BLOCK_CAPTURE_AUTORELEASING = YES;
				CLANG_WARN_BOOL_CONVERSION = YES;
				CLANG_WARN_COMMA = YES;
				CLANG_WARN_CONSTANT_CONVERSION = YES;
				CLANG_WARN_DEPRECATED_OBJC_IMPLEMENTATIONS = YES;
				CLANG_WARN_DIRECT_OBJC_ISA_USAGE = YES_ERROR;
				CLANG_WARN_DOCUMENTATION_COMMENTS = YES;
				CLANG_WARN_EMPTY_BODY = YES;
				CLANG_WARN_ENUM_CONVERSION = YES;
				CLANG_WARN_INFINITE_RECURSION = YES;
				CLANG_WARN_INT_CONVERSION = YES;
				CLANG_WARN_NON_LITERAL_NULL_CONVERSION = YES;
				CLANG_WARN_OBJC_IMPLICIT_RETAIN_SELF = YES;
				CLANG_WARN_OBJC_LITERAL_CONVERSION = YES;
				CLANG_WARN_OBJC_ROOT_CLASS = YES_ERROR;
				CLANG_WARN_RANGE_LOOP_ANALYSIS = YES;
				CLANG_WARN_STRICT_PROTOTYPES = YES;
				CLANG_WARN_SUSPICIOUS_MOVE = YES;
				CLANG_WARN_UNGUARDED_AVAILABILITY = YES_AGGRESSIVE;
				CLANG_WARN_UNREACHABLE_CODE = YES;
				CLANG_WARN__DUPLICATE_METHOD_MATCH = YES;
				CODE_SIGN_IDENTITY = "iPhone Developer";
				COPY_PHASE_STRIP = NO;
				DEBUG_INFORMATION_FORMAT = dwarf;
				ENABLE_STRICT_OBJC_MSGSEND = YES;
				ENABLE_TESTABILITY = YES;
				GCC_C_LANGUAGE_STANDARD = gnu11;
				GCC_DYNAMIC_NO_PIC = NO;
				GCC_NO_COMMON_BLOCKS = YES;
				GCC_OPTIMIZATION_LEVEL = 0;
				GCC_PREPROCESSOR_DEFINITIONS = (
					"DEBUG=1",
					"$(inherited)",
				);
				GCC_WARN_64_TO_32_BIT_CONVERSION = YES;
				GCC_WARN_ABOUT_RETURN_TYPE = YES_ERROR;
				GCC_WARN_UNDECLARED_SELECTOR = YES;
				GCC_WARN_UNINITIALIZED_AUTOS = YES_AGGRESSIVE;
				GCC_WARN_UNUSED_FUNCTION = YES;
				GCC_WARN_UNUSED_VARIABLE = YES;
				IPHONEOS_DEPLOYMENT_TARGET = 11.3;
				MTL_ENABLE_DEBUG_INFO = YES;
				ONLY_ACTIVE_ARCH = YES;
				SDKROOT = iphoneos;
				SWIFT_ACTIVE_COMPILATION_CONDITIONS = DEBUG;
				SWIFT_OPTIMIZATION_LEVEL = "-Onone";
			};
			name = Debug;
		};
		D8B47543209BC7B300707B6F /* Release */ = {
			isa = XCBuildConfiguration;
			buildSettings = {
				ALWAYS_SEARCH_USER_PATHS = NO;
				CLANG_ANALYZER_NONNULL = YES;
				CLANG_ANALYZER_NUMBER_OBJECT_CONVERSION = YES_AGGRESSIVE;
				CLANG_CXX_LANGUAGE_STANDARD = "gnu++14";
				CLANG_CXX_LIBRARY = "libc++";
				CLANG_ENABLE_MODULES = YES;
				CLANG_ENABLE_OBJC_ARC = YES;
				CLANG_ENABLE_OBJC_WEAK = YES;
				CLANG_WARN_BLOCK_CAPTURE_AUTORELEASING = YES;
				CLANG_WARN_BOOL_CONVERSION = YES;
				CLANG_WARN_COMMA = YES;
				CLANG_WARN_CONSTANT_CONVERSION = YES;
				CLANG_WARN_DEPRECATED_OBJC_IMPLEMENTATIONS = YES;
				CLANG_WARN_DIRECT_OBJC_ISA_USAGE = YES_ERROR;
				CLANG_WARN_DOCUMENTATION_COMMENTS = YES;
				CLANG_WARN_EMPTY_BODY = YES;
				CLANG_WARN_ENUM_CONVERSION = YES;
				CLANG_WARN_INFINITE_RECURSION = YES;
				CLANG_WARN_INT_CONVERSION = YES;
				CLANG_WARN_NON_LITERAL_NULL_CONVERSION = YES;
				CLANG_WARN_OBJC_IMPLICIT_RETAIN_SELF = YES;
				CLANG_WARN_OBJC_LITERAL_CONVERSION = YES;
				CLANG_WARN_OBJC_ROOT_CLASS = YES_ERROR;
				CLANG_WARN_RANGE_LOOP_ANALYSIS = YES;
				CLANG_WARN_STRICT_PROTOTYPES = YES;
				CLANG_WARN_SUSPICIOUS_MOVE = YES;
				CLANG_WARN_UNGUARDED_AVAILABILITY = YES_AGGRESSIVE;
				CLANG_WARN_UNREACHABLE_CODE = YES;
				CLANG_WARN__DUPLICATE_METHOD_MATCH = YES;
				CODE_SIGN_IDENTITY = "iPhone Developer";
				COPY_PHASE_STRIP = NO;
				DEBUG_INFORMATION_FORMAT = "dwarf-with-dsym";
				ENABLE_NS_ASSERTIONS = NO;
				ENABLE_STRICT_OBJC_MSGSEND = YES;
				GCC_C_LANGUAGE_STANDARD = gnu11;
				GCC_NO_COMMON_BLOCKS = YES;
				GCC_WARN_64_TO_32_BIT_CONVERSION = YES;
				GCC_WARN_ABOUT_RETURN_TYPE = YES_ERROR;
				GCC_WARN_UNDECLARED_SELECTOR = YES;
				GCC_WARN_UNINITIALIZED_AUTOS = YES_AGGRESSIVE;
				GCC_WARN_UNUSED_FUNCTION = YES;
				GCC_WARN_UNUSED_VARIABLE = YES;
				IPHONEOS_DEPLOYMENT_TARGET = 11.3;
				MTL_ENABLE_DEBUG_INFO = NO;
				SDKROOT = iphoneos;
				SWIFT_COMPILATION_MODE = wholemodule;
				SWIFT_OPTIMIZATION_LEVEL = "-O";
				VALIDATE_PRODUCT = YES;
			};
			name = Release;
		};
		D8B47545209BC7B300707B6F /* Debug */ = {
			isa = XCBuildConfiguration;
			buildSettings = {
				ASSETCATALOG_COMPILER_APPICON_NAME = AppIcon;
				CODE_SIGN_STYLE = Automatic;
				DEVELOPMENT_TEAM = 48HD6AZC2E;
				INFOPLIST_FILE = "Collection-View-AppStoreII/Info.plist";
				IPHONEOS_DEPLOYMENT_TARGET = 10.0;
				LD_RUNPATH_SEARCH_PATHS = (
					"$(inherited)",
					"@executable_path/Frameworks",
				);
				PRODUCT_BUNDLE_IDENTIFIER = "com.famdesign.Collection-View-AppStoreII";
				PRODUCT_NAME = "$(TARGET_NAME)";
				SWIFT_VERSION = 4.2;
				TARGETED_DEVICE_FAMILY = "1,2";
			};
			name = Debug;
		};
		D8B47546209BC7B300707B6F /* Release */ = {
			isa = XCBuildConfiguration;
			buildSettings = {
				ASSETCATALOG_COMPILER_APPICON_NAME = AppIcon;
				CODE_SIGN_STYLE = Automatic;
				DEVELOPMENT_TEAM = 48HD6AZC2E;
				INFOPLIST_FILE = "Collection-View-AppStoreII/Info.plist";
				IPHONEOS_DEPLOYMENT_TARGET = 10.0;
				LD_RUNPATH_SEARCH_PATHS = (
					"$(inherited)",
					"@executable_path/Frameworks",
				);
				PRODUCT_BUNDLE_IDENTIFIER = "com.famdesign.Collection-View-AppStoreII";
				PRODUCT_NAME = "$(TARGET_NAME)";
				SWIFT_VERSION = 4.2;
				TARGETED_DEVICE_FAMILY = "1,2";
			};
			name = Release;
		};
		D8B47548209BC7B300707B6F /* Debug */ = {
			isa = XCBuildConfiguration;
			buildSettings = {
				ALWAYS_EMBED_SWIFT_STANDARD_LIBRARIES = YES;
				BUNDLE_LOADER = "$(TEST_HOST)";
				CODE_SIGN_STYLE = Automatic;
				DEVELOPMENT_TEAM = 48HD6AZC2E;
				INFOPLIST_FILE = "Collection-View-AppStoreIITests/Info.plist";
				LD_RUNPATH_SEARCH_PATHS = (
					"$(inherited)",
					"@executable_path/Frameworks",
					"@loader_path/Frameworks",
				);
				PRODUCT_BUNDLE_IDENTIFIER = "com.famdesign.Collection-View-AppStoreIITests";
				PRODUCT_NAME = "$(TARGET_NAME)";
				SWIFT_VERSION = 4.2;
				TARGETED_DEVICE_FAMILY = "1,2";
				TEST_HOST = "$(BUILT_PRODUCTS_DIR)/Collection-View-AppStoreII.app/Collection-View-AppStoreII";
			};
			name = Debug;
		};
		D8B47549209BC7B300707B6F /* Release */ = {
			isa = XCBuildConfiguration;
			buildSettings = {
				ALWAYS_EMBED_SWIFT_STANDARD_LIBRARIES = YES;
				BUNDLE_LOADER = "$(TEST_HOST)";
				CODE_SIGN_STYLE = Automatic;
				DEVELOPMENT_TEAM = 48HD6AZC2E;
				INFOPLIST_FILE = "Collection-View-AppStoreIITests/Info.plist";
				LD_RUNPATH_SEARCH_PATHS = (
					"$(inherited)",
					"@executable_path/Frameworks",
					"@loader_path/Frameworks",
				);
				PRODUCT_BUNDLE_IDENTIFIER = "com.famdesign.Collection-View-AppStoreIITests";
				PRODUCT_NAME = "$(TARGET_NAME)";
				SWIFT_VERSION = 4.2;
				TARGETED_DEVICE_FAMILY = "1,2";
				TEST_HOST = "$(BUILT_PRODUCTS_DIR)/Collection-View-AppStoreII.app/Collection-View-AppStoreII";
			};
			name = Release;
		};
/* End XCBuildConfiguration section */

/* Begin XCConfigurationList section */
		D8B47522209BC7AF00707B6F /* Build configuration list for PBXProject "Collection-View-AppStoreII" */ = {
			isa = XCConfigurationList;
			buildConfigurations = (
				D8B47542209BC7B300707B6F /* Debug */,
				D8B47543209BC7B300707B6F /* Release */,
			);
			defaultConfigurationIsVisible = 0;
			defaultConfigurationName = Release;
		};
		D8B47544209BC7B300707B6F /* Build configuration list for PBXNativeTarget "Collection-View-AppStoreII" */ = {
			isa = XCConfigurationList;
			buildConfigurations = (
				D8B47545209BC7B300707B6F /* Debug */,
				D8B47546209BC7B300707B6F /* Release */,
			);
			defaultConfigurationIsVisible = 0;
			defaultConfigurationName = Release;
		};
		D8B47547209BC7B300707B6F /* Build configuration list for PBXNativeTarget "Collection-View-AppStoreIITests" */ = {
			isa = XCConfigurationList;
			buildConfigurations = (
				D8B47548209BC7B300707B6F /* Debug */,
				D8B47549209BC7B300707B6F /* Release */,
			);
			defaultConfigurationIsVisible = 0;
			defaultConfigurationName = Release;
		};
/* End XCConfigurationList section */
	};
	rootObject = D8B4751F209BC7AF00707B6F /* Project object */;
}
