// !$*UTF8*$!
{
	archiveVersion = 1;
	classes = {
	};
	objectVersion = 46;
	objects = {

/* Begin PBXBuildFile section */
		49576B963725442268CF8D9F /* Pods_Wallpaper_App.framework in Frameworks */ = {isa = PBXBuildFile; fileRef = 736C4A3A5ADC9C6F00DFF982 /* Pods_Wallpaper_App.framework */; };
		D808C9642131EEBE004C95C9 /* EntryAttributeWrapper.swift in Sources */ = {isa = PBXBuildFile; fileRef = D808C9632131EEBE004C95C9 /* EntryAttributeWrapper.swift */; };
		D808C96A2135B490004C95C9 /* DynamicAccessibilityLayout.swift in Sources */ = {isa = PBXBuildFile; fileRef = D808C9692135B490004C95C9 /* DynamicAccessibilityLayout.swift */; };
		D808C96E2135F36A004C95C9 /* PresentSectionViewController.swift in Sources */ = {isa = PBXBuildFile; fileRef = D808C96D2135F36A004C95C9 /* PresentSectionViewController.swift */; };
		D87DA23620FA4CE800777B0D /* RoundedRectButton.swift in Sources */ = {isa = PBXBuildFile; fileRef = D87DA23520FA4CE800777B0D /* RoundedRectButton.swift */; };
		D87DA23820FA556B00777B0D /* CustomCardView.swift in Sources */ = {isa = PBXBuildFile; fileRef = D87DA23720FA556B00777B0D /* CustomCardView.swift */; };
		D87DA23B20FBAC2500777B0D /* RevealPasswordTextField.swift in Sources */ = {isa = PBXBuildFile; fileRef = D87DA23A20FBAC2500777B0D /* RevealPasswordTextField.swift */; };
		D87DA23D20FBAC2E00777B0D /* LoginButton.swift in Sources */ = {isa = PBXBuildFile; fileRef = D87DA23C20FBAC2E00777B0D /* LoginButton.swift */; };
		D87DA23F20FBB8AB00777B0D /* PresentationControllerAnimator.swift in Sources */ = {isa = PBXBuildFile; fileRef = D87DA23E20FBB8AB00777B0D /* PresentationControllerAnimator.swift */; };
		D87DA24120FBB8DD00777B0D /* ModalTransitionAnimator.swift in Sources */ = {isa = PBXBuildFile; fileRef = D87DA24020FBB8DD00777B0D /* ModalTransitionAnimator.swift */; };
		D87DA24420FBB91C00777B0D /* ModalOperation.swift in Sources */ = {isa = PBXBuildFile; fileRef = D87DA24320FBB91C00777B0D /* ModalOperation.swift */; };
		D87DA24620FBB93F00777B0D /* ModalTransitionConfigurator.swift in Sources */ = {isa = PBXBuildFile; fileRef = D87DA24520FBB93F00777B0D /* ModalTransitionConfigurator.swift */; };
		D87DA24820FBB96C00777B0D /* ModalTransitionDelegate.swift in Sources */ = {isa = PBXBuildFile; fileRef = D87DA24720FBB96C00777B0D /* ModalTransitionDelegate.swift */; };
		D87DA24B20FBB9AC00777B0D /* Pan.swift in Sources */ = {isa = PBXBuildFile; fileRef = D87DA24A20FBB9AC00777B0D /* Pan.swift */; };
		D87DA24D20FBB9D400777B0D /* PanDirection.swift in Sources */ = {isa = PBXBuildFile; fileRef = D87DA24C20FBB9D400777B0D /* PanDirection.swift */; };
		D87DA24F20FBB9F400777B0D /* PanFactory.swift in Sources */ = {isa = PBXBuildFile; fileRef = D87DA24E20FBB9F400777B0D /* PanFactory.swift */; };
		D87DA25220FBBA4500777B0D /* TransitionEdgePanGestureRecognizer.swift in Sources */ = {isa = PBXBuildFile; fileRef = D87DA25120FBBA4500777B0D /* TransitionEdgePanGestureRecognizer.swift */; };
		D87DA25420FBBA6C00777B0D /* TransitionPanGestureRecognizer.swift in Sources */ = {isa = PBXBuildFile; fileRef = D87DA25320FBBA6C00777B0D /* TransitionPanGestureRecognizer.swift */; };
		D87DA25720FBBAF400777B0D /* PanGesture.swift in Sources */ = {isa = PBXBuildFile; fileRef = D87DA25620FBBAF400777B0D /* PanGesture.swift */; };
		D87DA25A20FBBB8000777B0D /* NavigationTransitionDelegate.swift in Sources */ = {isa = PBXBuildFile; fileRef = D87DA25920FBBB8000777B0D /* NavigationTransitionDelegate.swift */; };
		D87DA25C20FBBBA600777B0D /* NavigationTransitionAnimator.swift in Sources */ = {isa = PBXBuildFile; fileRef = D87DA25B20FBBBA600777B0D /* NavigationTransitionAnimator.swift */; };
		D87DA25E20FBBBC500777B0D /* NavigationTransitionConfigurator.swift in Sources */ = {isa = PBXBuildFile; fileRef = D87DA25D20FBBBC500777B0D /* NavigationTransitionConfigurator.swift */; };
		D87DA26020FBBC0300777B0D /* TransitionInteractiveController.swift in Sources */ = {isa = PBXBuildFile; fileRef = D87DA25F20FBBC0300777B0D /* TransitionInteractiveController.swift */; };
		D87DA26220FBBC4D00777B0D /* Configuration.swift in Sources */ = {isa = PBXBuildFile; fileRef = D87DA26120FBBC4D00777B0D /* Configuration.swift */; };
		D895F4BE213C54D600E7F8BE /* TransitionClone.swift in Sources */ = {isa = PBXBuildFile; fileRef = D895F4BD213C54D600E7F8BE /* TransitionClone.swift */; };
		D895F4C021402BEC00E7F8BE /* CustomNaviController.swift in Sources */ = {isa = PBXBuildFile; fileRef = D895F4BF21402BEC00E7F8BE /* CustomNaviController.swift */; };
		D895F4C221481C0200E7F8BE /* ForgotPasswordViewController.swift in Sources */ = {isa = PBXBuildFile; fileRef = D895F4C121481C0200E7F8BE /* ForgotPasswordViewController.swift */; };
		D895F4C4214AEF6E00E7F8BE /* UITextField+ValidationExt.swift in Sources */ = {isa = PBXBuildFile; fileRef = D895F4C3214AEF6D00E7F8BE /* UITextField+ValidationExt.swift */; };
		D8E93B8220B8B02100CE0AD8 /* AuthService.swift in Sources */ = {isa = PBXBuildFile; fileRef = D8E93B8120B8B02000CE0AD8 /* AuthService.swift */; };
		D8E93B8420B8B02D00CE0AD8 /* FIRService.swift in Sources */ = {isa = PBXBuildFile; fileRef = D8E93B8320B8B02D00CE0AD8 /* FIRService.swift */; };
		D8E93B8A20B8B05100CE0AD8 /* ImageResizeExt.swift in Sources */ = {isa = PBXBuildFile; fileRef = D8E93B8520B8B05100CE0AD8 /* ImageResizeExt.swift */; };
		D8E93B8B20B8B05100CE0AD8 /* UserDefaults.swift in Sources */ = {isa = PBXBuildFile; fileRef = D8E93B8620B8B05100CE0AD8 /* UserDefaults.swift */; };
		D8E93B8C20B8B05100CE0AD8 /* AppDelegate.swift in Sources */ = {isa = PBXBuildFile; fileRef = D8E93B8720B8B05100CE0AD8 /* AppDelegate.swift */; };
		D8E93B8D20B8B05100CE0AD8 /* Wallpaper.swift in Sources */ = {isa = PBXBuildFile; fileRef = D8E93B8820B8B05100CE0AD8 /* Wallpaper.swift */; };
		D8E93B8E20B8B05100CE0AD8 /* Constants.swift in Sources */ = {isa = PBXBuildFile; fileRef = D8E93B8920B8B05100CE0AD8 /* Constants.swift */; };
		D8E93B9420B8B08D00CE0AD8 /* WallpaperRoundedCardCell.swift in Sources */ = {isa = PBXBuildFile; fileRef = D8E93B8F20B8B08D00CE0AD8 /* WallpaperRoundedCardCell.swift */; };
		D8E93B9520B8B08D00CE0AD8 /* WallpaperRoundedCardCell.xib in Resources */ = {isa = PBXBuildFile; fileRef = D8E93B9020B8B08D00CE0AD8 /* WallpaperRoundedCardCell.xib */; };
		D8E93B9620B8B08D00CE0AD8 /* AnimatedTextField.swift in Sources */ = {isa = PBXBuildFile; fileRef = D8E93B9120B8B08D00CE0AD8 /* AnimatedTextField.swift */; };
		D8E93B9720B8B08D00CE0AD8 /* UploadViewController.swift in Sources */ = {isa = PBXBuildFile; fileRef = D8E93B9220B8B08D00CE0AD8 /* UploadViewController.swift */; };
		D8E93B9D20B8B0B100CE0AD8 /* SignUpViewController.swift in Sources */ = {isa = PBXBuildFile; fileRef = D8E93B9920B8B0B000CE0AD8 /* SignUpViewController.swift */; };
		D8E93B9E20B8B0B100CE0AD8 /* FeedViewController.swift in Sources */ = {isa = PBXBuildFile; fileRef = D8E93B9A20B8B0B000CE0AD8 /* FeedViewController.swift */; };
		D8E93B9F20B8B0B100CE0AD8 /* LoginViewController.swift in Sources */ = {isa = PBXBuildFile; fileRef = D8E93B9B20B8B0B100CE0AD8 /* LoginViewController.swift */; };
		D8E93BA020B8B0B100CE0AD8 /* PopUpViewController.swift in Sources */ = {isa = PBXBuildFile; fileRef = D8E93B9C20B8B0B100CE0AD8 /* PopUpViewController.swift */; };
		D8E93BA220B8B0C100CE0AD8 /* Assets.xcassets in Resources */ = {isa = PBXBuildFile; fileRef = D8E93BA120B8B0C100CE0AD8 /* Assets.xcassets */; };
		D8E93BBD20B8B63200CE0AD8 /* RoundCornersButton.swift in Sources */ = {isa = PBXBuildFile; fileRef = D8E93BB020B8B63000CE0AD8 /* RoundCornersButton.swift */; };
		D8E93BBE20B8B63200CE0AD8 /* FunctionalEnumerated.swift in Sources */ = {isa = PBXBuildFile; fileRef = D8E93BB120B8B63000CE0AD8 /* FunctionalEnumerated.swift */; };
		D8E93BBF20B8B63200CE0AD8 /* CGAffineTransform+Custom.swift in Sources */ = {isa = PBXBuildFile; fileRef = D8E93BB220B8B63000CE0AD8 /* CGAffineTransform+Custom.swift */; };
		D8E93BC020B8B63200CE0AD8 /* ReusableCells.swift in Sources */ = {isa = PBXBuildFile; fileRef = D8E93BB320B8B63000CE0AD8 /* ReusableCells.swift */; };
		D8E93BC120B8B63200CE0AD8 /* CardViewDelegate.swift in Sources */ = {isa = PBXBuildFile; fileRef = D8E93BB420B8B63000CE0AD8 /* CardViewDelegate.swift */; };
		D8E93BC220B8B63200CE0AD8 /* CircularImageView.swift in Sources */ = {isa = PBXBuildFile; fileRef = D8E93BB520B8B63000CE0AD8 /* CircularImageView.swift */; };
		D8E93BC320B8B63200CE0AD8 /* UICollectionView+OrderedCells.swift in Sources */ = {isa = PBXBuildFile; fileRef = D8E93BB620B8B63100CE0AD8 /* UICollectionView+OrderedCells.swift */; };
		D8E93BC420B8B63200CE0AD8 /* UIWindow+SafeArea.swift in Sources */ = {isa = PBXBuildFile; fileRef = D8E93BB720B8B63100CE0AD8 /* UIWindow+SafeArea.swift */; };
		D8E93BC620B8B63200CE0AD8 /* CardView.swift in Sources */ = {isa = PBXBuildFile; fileRef = D8E93BB920B8B63100CE0AD8 /* CardView.swift */; };
		D8E93BC720B8B63200CE0AD8 /* AppStoreAnimatorInfo.swift in Sources */ = {isa = PBXBuildFile; fileRef = D8E93BBA20B8B63100CE0AD8 /* AppStoreAnimatorInfo.swift */; };
		D8E93BC820B8B63200CE0AD8 /* NSLayoutConstraint+Multiplier.swift in Sources */ = {isa = PBXBuildFile; fileRef = D8E93BBB20B8B63100CE0AD8 /* NSLayoutConstraint+Multiplier.swift */; };
		D8E93BC920B8B63200CE0AD8 /* NibLoadbleView.swift in Sources */ = {isa = PBXBuildFile; fileRef = D8E93BBC20B8B63200CE0AD8 /* NibLoadbleView.swift */; };
		D8E93BDF20BDB20E00CE0AD8 /* Main.storyboard in Resources */ = {isa = PBXBuildFile; fileRef = D8E93BDC20BDB1FC00CE0AD8 /* Main.storyboard */; };
		D8E93BE220BDB22200CE0AD8 /* LaunchScreen.storyboard in Resources */ = {isa = PBXBuildFile; fileRef = D8E93BE020BDB22200CE0AD8 /* LaunchScreen.storyboard */; };
		D8E93BE720BDB47900CE0AD8 /* GoogleService-Info.plist in Resources */ = {isa = PBXBuildFile; fileRef = D8E93BE620BDB47900CE0AD8 /* GoogleService-Info.plist */; };
		D8E93BE920BF0D8C00CE0AD8 /* WallpaperCategories.swift in Sources */ = {isa = PBXBuildFile; fileRef = D8E93BE820BF0D8C00CE0AD8 /* WallpaperCategories.swift */; };
		D8E93BEB20BF2AD500CE0AD8 /* User.swift in Sources */ = {isa = PBXBuildFile; fileRef = D8E93BEA20BF2AD500CE0AD8 /* User.swift */; };
		D8E93BED20C1A77E00CE0AD8 /* Extensions.swift in Sources */ = {isa = PBXBuildFile; fileRef = D8E93BEC20C1A77D00CE0AD8 /* Extensions.swift */; };
		D8E93BEF20C1AC7300CE0AD8 /* WallpaperImageCache.swift in Sources */ = {isa = PBXBuildFile; fileRef = D8E93BEE20C1AC7300CE0AD8 /* WallpaperImageCache.swift */; };
		D8E93BF120C3257800CE0AD8 /* CustomLoadingView.swift in Sources */ = {isa = PBXBuildFile; fileRef = D8E93BF020C3257800CE0AD8 /* CustomLoadingView.swift */; };
		D8E93BF320C32AC000CE0AD8 /* SplashViewController.swift in Sources */ = {isa = PBXBuildFile; fileRef = D8E93BF220C32AC000CE0AD8 /* SplashViewController.swift */; };
		D8FC5D8520D2BA2B00FA632F /* PopUpViewController.xib in Resources */ = {isa = PBXBuildFile; fileRef = D8FC5D8420D2BA2B00FA632F /* PopUpViewController.xib */; };
		D8FC5D8720D2C89500FA632F /* ShadowStyle.swift in Sources */ = {isa = PBXBuildFile; fileRef = D8FC5D8620D2C89500FA632F /* ShadowStyle.swift */; };
		D8FC5D8920D2C9FA00FA632F /* UIView+ShadowStyle.swift in Sources */ = {isa = PBXBuildFile; fileRef = D8FC5D8820D2C9FA00FA632F /* UIView+ShadowStyle.swift */; };
		D8FC5D8B20D2CBDB00FA632F /* PaddedLabel.swift in Sources */ = {isa = PBXBuildFile; fileRef = D8FC5D8A20D2CBDB00FA632F /* PaddedLabel.swift */; };
		D8FC5D8F20DEC4B300FA632F /* Notifications+Extensions.swift in Sources */ = {isa = PBXBuildFile; fileRef = D8FC5D8E20DEC4B300FA632F /* Notifications+Extensions.swift */; };
		D8FC5D9120E00C0800FA632F /* CustomSwitch.swift in Sources */ = {isa = PBXBuildFile; fileRef = D8FC5D9020E00C0800FA632F /* CustomSwitch.swift */; };
		D8FC5D9420E00C6000FA632F /* CustomThumbView.swift in Sources */ = {isa = PBXBuildFile; fileRef = D8FC5D9320E00C6000FA632F /* CustomThumbView.swift */; };
		D8FC5D9620E721C800FA632F /* ThemeProtocol.swift in Sources */ = {isa = PBXBuildFile; fileRef = D8FC5D9520E721C800FA632F /* ThemeProtocol.swift */; };
		D8FC5D9820E723DD00FA632F /* Theme.swift in Sources */ = {isa = PBXBuildFile; fileRef = D8FC5D9720E723DD00FA632F /* Theme.swift */; };
		D8FC5D9A20E7242100FA632F /* LightTheme.swift in Sources */ = {isa = PBXBuildFile; fileRef = D8FC5D9920E7242100FA632F /* LightTheme.swift */; };
		D8FC5D9C20E724B000FA632F /* DarkTheme.swift in Sources */ = {isa = PBXBuildFile; fileRef = D8FC5D9B20E724B000FA632F /* DarkTheme.swift */; };
/* End PBXBuildFile section */

/* Begin PBXFileReference section */
		6A17C4001EFD5AD30047CBA5 /* Wallpaper-App.app */ = {isa = PBXFileReference; explicitFileType = wrapper.application; includeInIndex = 0; path = "Wallpaper-App.app"; sourceTree = BUILT_PRODUCTS_DIR; };
		736C4A3A5ADC9C6F00DFF982 /* Pods_Wallpaper_App.framework */ = {isa = PBXFileReference; explicitFileType = wrapper.framework; includeInIndex = 0; path = Pods_Wallpaper_App.framework; sourceTree = BUILT_PRODUCTS_DIR; };
		D808C95E21177006004C95C9 /* Wallpaper-App.entitlements */ = {isa = PBXFileReference; lastKnownFileType = text.plist.entitlements; path = "Wallpaper-App.entitlements"; sourceTree = "<group>"; };
		D808C9632131EEBE004C95C9 /* EntryAttributeWrapper.swift */ = {isa = PBXFileReference; lastKnownFileType = sourcecode.swift; path = EntryAttributeWrapper.swift; sourceTree = "<group>"; };
		D808C9692135B490004C95C9 /* DynamicAccessibilityLayout.swift */ = {isa = PBXFileReference; lastKnownFileType = sourcecode.swift; path = DynamicAccessibilityLayout.swift; sourceTree = "<group>"; };
		D808C96D2135F36A004C95C9 /* PresentSectionViewController.swift */ = {isa = PBXFileReference; lastKnownFileType = sourcecode.swift; path = PresentSectionViewController.swift; sourceTree = "<group>"; };
		D87DA23520FA4CE800777B0D /* RoundedRectButton.swift */ = {isa = PBXFileReference; lastKnownFileType = sourcecode.swift; path = RoundedRectButton.swift; sourceTree = "<group>"; };
		D87DA23720FA556B00777B0D /* CustomCardView.swift */ = {isa = PBXFileReference; lastKnownFileType = sourcecode.swift; path = CustomCardView.swift; sourceTree = "<group>"; };
		D87DA23A20FBAC2500777B0D /* RevealPasswordTextField.swift */ = {isa = PBXFileReference; fileEncoding = 4; lastKnownFileType = sourcecode.swift; path = RevealPasswordTextField.swift; sourceTree = "<group>"; };
		D87DA23C20FBAC2E00777B0D /* LoginButton.swift */ = {isa = PBXFileReference; fileEncoding = 4; lastKnownFileType = sourcecode.swift; path = LoginButton.swift; sourceTree = "<group>"; };
		D87DA23E20FBB8AB00777B0D /* PresentationControllerAnimator.swift */ = {isa = PBXFileReference; lastKnownFileType = sourcecode.swift; path = PresentationControllerAnimator.swift; sourceTree = "<group>"; };
		D87DA24020FBB8DD00777B0D /* ModalTransitionAnimator.swift */ = {isa = PBXFileReference; lastKnownFileType = sourcecode.swift; path = ModalTransitionAnimator.swift; sourceTree = "<group>"; };
		D87DA24320FBB91C00777B0D /* ModalOperation.swift */ = {isa = PBXFileReference; lastKnownFileType = sourcecode.swift; path = ModalOperation.swift; sourceTree = "<group>"; };
		D87DA24520FBB93F00777B0D /* ModalTransitionConfigurator.swift */ = {isa = PBXFileReference; lastKnownFileType = sourcecode.swift; path = ModalTransitionConfigurator.swift; sourceTree = "<group>"; };
		D87DA24720FBB96C00777B0D /* ModalTransitionDelegate.swift */ = {isa = PBXFileReference; lastKnownFileType = sourcecode.swift; path = ModalTransitionDelegate.swift; sourceTree = "<group>"; };
		D87DA24A20FBB9AC00777B0D /* Pan.swift */ = {isa = PBXFileReference; lastKnownFileType = sourcecode.swift; path = Pan.swift; sourceTree = "<group>"; };
		D87DA24C20FBB9D400777B0D /* PanDirection.swift */ = {isa = PBXFileReference; lastKnownFileType = sourcecode.swift; path = PanDirection.swift; sourceTree = "<group>"; };
		D87DA24E20FBB9F400777B0D /* PanFactory.swift */ = {isa = PBXFileReference; lastKnownFileType = sourcecode.swift; path = PanFactory.swift; sourceTree = "<group>"; };
		D87DA25120FBBA4500777B0D /* TransitionEdgePanGestureRecognizer.swift */ = {isa = PBXFileReference; lastKnownFileType = sourcecode.swift; path = TransitionEdgePanGestureRecognizer.swift; sourceTree = "<group>"; };
		D87DA25320FBBA6C00777B0D /* TransitionPanGestureRecognizer.swift */ = {isa = PBXFileReference; lastKnownFileType = sourcecode.swift; path = TransitionPanGestureRecognizer.swift; sourceTree = "<group>"; };
		D87DA25620FBBAF400777B0D /* PanGesture.swift */ = {isa = PBXFileReference; lastKnownFileType = sourcecode.swift; path = PanGesture.swift; sourceTree = "<group>"; };
		D87DA25920FBBB8000777B0D /* NavigationTransitionDelegate.swift */ = {isa = PBXFileReference; lastKnownFileType = sourcecode.swift; path = NavigationTransitionDelegate.swift; sourceTree = "<group>"; };
		D87DA25B20FBBBA600777B0D /* NavigationTransitionAnimator.swift */ = {isa = PBXFileReference; lastKnownFileType = sourcecode.swift; path = NavigationTransitionAnimator.swift; sourceTree = "<group>"; };
		D87DA25D20FBBBC500777B0D /* NavigationTransitionConfigurator.swift */ = {isa = PBXFileReference; lastKnownFileType = sourcecode.swift; path = NavigationTransitionConfigurator.swift; sourceTree = "<group>"; };
		D87DA25F20FBBC0300777B0D /* TransitionInteractiveController.swift */ = {isa = PBXFileReference; lastKnownFileType = sourcecode.swift; path = TransitionInteractiveController.swift; sourceTree = "<group>"; };
		D87DA26120FBBC4D00777B0D /* Configuration.swift */ = {isa = PBXFileReference; lastKnownFileType = sourcecode.swift; path = Configuration.swift; sourceTree = "<group>"; };
		D895F4BD213C54D600E7F8BE /* TransitionClone.swift */ = {isa = PBXFileReference; lastKnownFileType = sourcecode.swift; path = TransitionClone.swift; sourceTree = "<group>"; };
		D895F4BF21402BEC00E7F8BE /* CustomNaviController.swift */ = {isa = PBXFileReference; lastKnownFileType = sourcecode.swift; path = CustomNaviController.swift; sourceTree = "<group>"; };
		D895F4C121481C0200E7F8BE /* ForgotPasswordViewController.swift */ = {isa = PBXFileReference; lastKnownFileType = sourcecode.swift; path = ForgotPasswordViewController.swift; sourceTree = "<group>"; };
		D895F4C3214AEF6D00E7F8BE /* UITextField+ValidationExt.swift */ = {isa = PBXFileReference; lastKnownFileType = sourcecode.swift; path = "UITextField+ValidationExt.swift"; sourceTree = "<group>"; };
		D8E93B8120B8B02000CE0AD8 /* AuthService.swift */ = {isa = PBXFileReference; fileEncoding = 4; lastKnownFileType = sourcecode.swift; name = AuthService.swift; path = "Wallpaper-App/AuthService.swift"; sourceTree = SOURCE_ROOT; };
		D8E93B8320B8B02D00CE0AD8 /* FIRService.swift */ = {isa = PBXFileReference; fileEncoding = 4; lastKnownFileType = sourcecode.swift; name = FIRService.swift; path = "Wallpaper-App/FIRService.swift"; sourceTree = SOURCE_ROOT; };
		D8E93B8520B8B05100CE0AD8 /* ImageResizeExt.swift */ = {isa = PBXFileReference; fileEncoding = 4; lastKnownFileType = sourcecode.swift; name = ImageResizeExt.swift; path = "Wallpaper-App/ImageResizeExt.swift"; sourceTree = SOURCE_ROOT; };
		D8E93B8620B8B05100CE0AD8 /* UserDefaults.swift */ = {isa = PBXFileReference; fileEncoding = 4; lastKnownFileType = sourcecode.swift; name = UserDefaults.swift; path = "Wallpaper-App/UserDefaults.swift"; sourceTree = SOURCE_ROOT; };
		D8E93B8720B8B05100CE0AD8 /* AppDelegate.swift */ = {isa = PBXFileReference; fileEncoding = 4; lastKnownFileType = sourcecode.swift; name = AppDelegate.swift; path = "Wallpaper-App/AppDelegate.swift"; sourceTree = SOURCE_ROOT; };
		D8E93B8820B8B05100CE0AD8 /* Wallpaper.swift */ = {isa = PBXFileReference; fileEncoding = 4; lastKnownFileType = sourcecode.swift; name = Wallpaper.swift; path = "Wallpaper-App/Wallpaper.swift"; sourceTree = SOURCE_ROOT; };
		D8E93B8920B8B05100CE0AD8 /* Constants.swift */ = {isa = PBXFileReference; fileEncoding = 4; lastKnownFileType = sourcecode.swift; name = Constants.swift; path = "Wallpaper-App/Constants.swift"; sourceTree = SOURCE_ROOT; };
		D8E93B8F20B8B08D00CE0AD8 /* WallpaperRoundedCardCell.swift */ = {isa = PBXFileReference; fileEncoding = 4; lastKnownFileType = sourcecode.swift; name = WallpaperRoundedCardCell.swift; path = "Wallpaper-App/WallpaperRoundedCardCell.swift"; sourceTree = SOURCE_ROOT; };
		D8E93B9020B8B08D00CE0AD8 /* WallpaperRoundedCardCell.xib */ = {isa = PBXFileReference; fileEncoding = 4; lastKnownFileType = file.xib; name = WallpaperRoundedCardCell.xib; path = "Wallpaper-App/WallpaperRoundedCardCell.xib"; sourceTree = SOURCE_ROOT; };
		D8E93B9120B8B08D00CE0AD8 /* AnimatedTextField.swift */ = {isa = PBXFileReference; fileEncoding = 4; lastKnownFileType = sourcecode.swift; name = AnimatedTextField.swift; path = "Wallpaper-App/AnimatedTextField.swift"; sourceTree = SOURCE_ROOT; };
		D8E93B9220B8B08D00CE0AD8 /* UploadViewController.swift */ = {isa = PBXFileReference; fileEncoding = 4; lastKnownFileType = sourcecode.swift; name = UploadViewController.swift; path = "Wallpaper-App/UploadViewController.swift"; sourceTree = SOURCE_ROOT; };
		D8E93B9920B8B0B000CE0AD8 /* SignUpViewController.swift */ = {isa = PBXFileReference; fileEncoding = 4; lastKnownFileType = sourcecode.swift; name = SignUpViewController.swift; path = "Wallpaper-App/SignUpViewController.swift"; sourceTree = SOURCE_ROOT; };
		D8E93B9A20B8B0B000CE0AD8 /* FeedViewController.swift */ = {isa = PBXFileReference; fileEncoding = 4; lastKnownFileType = sourcecode.swift; name = FeedViewController.swift; path = "Wallpaper-App/FeedViewController.swift"; sourceTree = SOURCE_ROOT; };
		D8E93B9B20B8B0B100CE0AD8 /* LoginViewController.swift */ = {isa = PBXFileReference; fileEncoding = 4; lastKnownFileType = sourcecode.swift; name = LoginViewController.swift; path = "Wallpaper-App/LoginViewController.swift"; sourceTree = SOURCE_ROOT; };
		D8E93B9C20B8B0B100CE0AD8 /* PopUpViewController.swift */ = {isa = PBXFileReference; fileEncoding = 4; lastKnownFileType = sourcecode.swift; name = PopUpViewController.swift; path = "Wallpaper-App/PopUpViewController.swift"; sourceTree = SOURCE_ROOT; };
		D8E93BA120B8B0C100CE0AD8 /* Assets.xcassets */ = {isa = PBXFileReference; lastKnownFileType = folder.assetcatalog; name = Assets.xcassets; path = "Wallpaper-App/Assets.xcassets"; sourceTree = SOURCE_ROOT; };
		D8E93BB020B8B63000CE0AD8 /* RoundCornersButton.swift */ = {isa = PBXFileReference; fileEncoding = 4; lastKnownFileType = sourcecode.swift; name = RoundCornersButton.swift; path = "Wallpaper-App/RoundCornersButton.swift"; sourceTree = SOURCE_ROOT; };
		D8E93BB120B8B63000CE0AD8 /* FunctionalEnumerated.swift */ = {isa = PBXFileReference; fileEncoding = 4; lastKnownFileType = sourcecode.swift; name = FunctionalEnumerated.swift; path = "Wallpaper-App/FunctionalEnumerated.swift"; sourceTree = SOURCE_ROOT; };
		D8E93BB220B8B63000CE0AD8 /* CGAffineTransform+Custom.swift */ = {isa = PBXFileReference; fileEncoding = 4; lastKnownFileType = sourcecode.swift; name = "CGAffineTransform+Custom.swift"; path = "Wallpaper-App/CGAffineTransform+Custom.swift"; sourceTree = SOURCE_ROOT; };
		D8E93BB320B8B63000CE0AD8 /* ReusableCells.swift */ = {isa = PBXFileReference; fileEncoding = 4; lastKnownFileType = sourcecode.swift; name = ReusableCells.swift; path = "Wallpaper-App/ReusableCells.swift"; sourceTree = SOURCE_ROOT; };
		D8E93BB420B8B63000CE0AD8 /* CardViewDelegate.swift */ = {isa = PBXFileReference; fileEncoding = 4; lastKnownFileType = sourcecode.swift; name = CardViewDelegate.swift; path = "Wallpaper-App/CardViewDelegate.swift"; sourceTree = SOURCE_ROOT; };
		D8E93BB520B8B63000CE0AD8 /* CircularImageView.swift */ = {isa = PBXFileReference; fileEncoding = 4; lastKnownFileType = sourcecode.swift; name = CircularImageView.swift; path = "Wallpaper-App/CircularImageView.swift"; sourceTree = SOURCE_ROOT; };
		D8E93BB620B8B63100CE0AD8 /* UICollectionView+OrderedCells.swift */ = {isa = PBXFileReference; fileEncoding = 4; lastKnownFileType = sourcecode.swift; name = "UICollectionView+OrderedCells.swift"; path = "Wallpaper-App/UICollectionView+OrderedCells.swift"; sourceTree = SOURCE_ROOT; };
		D8E93BB720B8B63100CE0AD8 /* UIWindow+SafeArea.swift */ = {isa = PBXFileReference; fileEncoding = 4; lastKnownFileType = sourcecode.swift; name = "UIWindow+SafeArea.swift"; path = "Wallpaper-App/UIWindow+SafeArea.swift"; sourceTree = SOURCE_ROOT; };
		D8E93BB920B8B63100CE0AD8 /* CardView.swift */ = {isa = PBXFileReference; fileEncoding = 4; lastKnownFileType = sourcecode.swift; name = CardView.swift; path = "Wallpaper-App/CardView.swift"; sourceTree = SOURCE_ROOT; };
		D8E93BBA20B8B63100CE0AD8 /* AppStoreAnimatorInfo.swift */ = {isa = PBXFileReference; fileEncoding = 4; lastKnownFileType = sourcecode.swift; name = AppStoreAnimatorInfo.swift; path = "Wallpaper-App/AppStoreAnimatorInfo.swift"; sourceTree = SOURCE_ROOT; };
		D8E93BBB20B8B63100CE0AD8 /* NSLayoutConstraint+Multiplier.swift */ = {isa = PBXFileReference; fileEncoding = 4; lastKnownFileType = sourcecode.swift; name = "NSLayoutConstraint+Multiplier.swift"; path = "Wallpaper-App/NSLayoutConstraint+Multiplier.swift"; sourceTree = SOURCE_ROOT; };
		D8E93BBC20B8B63200CE0AD8 /* NibLoadbleView.swift */ = {isa = PBXFileReference; fileEncoding = 4; lastKnownFileType = sourcecode.swift; name = NibLoadbleView.swift; path = "Wallpaper-App/NibLoadbleView.swift"; sourceTree = SOURCE_ROOT; };
		D8E93BDD20BDB1FC00CE0AD8 /* Base */ = {isa = PBXFileReference; lastKnownFileType = file.storyboard; name = Base; path = Base.lproj/Main.storyboard; sourceTree = "<group>"; };
		D8E93BE120BDB22200CE0AD8 /* Base */ = {isa = PBXFileReference; lastKnownFileType = file.storyboard; name = Base; path = Base.lproj/LaunchScreen.storyboard; sourceTree = "<group>"; };
		D8E93BE420BDB23E00CE0AD8 /* Base */ = {isa = PBXFileReference; lastKnownFileType = text.plist.xml; name = Base; path = "Wallpaper-App/Base.lproj/Info.plist"; sourceTree = "<group>"; };
		D8E93BE620BDB47900CE0AD8 /* GoogleService-Info.plist */ = {isa = PBXFileReference; fileEncoding = 4; lastKnownFileType = text.plist.xml; path = "GoogleService-Info.plist"; sourceTree = "<group>"; };
		D8E93BE820BF0D8C00CE0AD8 /* WallpaperCategories.swift */ = {isa = PBXFileReference; lastKnownFileType = sourcecode.swift; path = WallpaperCategories.swift; sourceTree = "<group>"; };
		D8E93BEA20BF2AD500CE0AD8 /* User.swift */ = {isa = PBXFileReference; lastKnownFileType = sourcecode.swift; path = User.swift; sourceTree = "<group>"; };
		D8E93BEC20C1A77D00CE0AD8 /* Extensions.swift */ = {isa = PBXFileReference; lastKnownFileType = sourcecode.swift; path = Extensions.swift; sourceTree = "<group>"; };
		D8E93BEE20C1AC7300CE0AD8 /* WallpaperImageCache.swift */ = {isa = PBXFileReference; lastKnownFileType = sourcecode.swift; path = WallpaperImageCache.swift; sourceTree = "<group>"; };
		D8E93BF020C3257800CE0AD8 /* CustomLoadingView.swift */ = {isa = PBXFileReference; lastKnownFileType = sourcecode.swift; path = CustomLoadingView.swift; sourceTree = "<group>"; };
		D8E93BF220C32AC000CE0AD8 /* SplashViewController.swift */ = {isa = PBXFileReference; lastKnownFileType = sourcecode.swift; path = SplashViewController.swift; sourceTree = "<group>"; };
		D8FC5D8420D2BA2B00FA632F /* PopUpViewController.xib */ = {isa = PBXFileReference; lastKnownFileType = file.xib; path = PopUpViewController.xib; sourceTree = "<group>"; };
		D8FC5D8620D2C89500FA632F /* ShadowStyle.swift */ = {isa = PBXFileReference; lastKnownFileType = sourcecode.swift; path = ShadowStyle.swift; sourceTree = "<group>"; };
		D8FC5D8820D2C9FA00FA632F /* UIView+ShadowStyle.swift */ = {isa = PBXFileReference; lastKnownFileType = sourcecode.swift; path = "UIView+ShadowStyle.swift"; sourceTree = "<group>"; };
		D8FC5D8A20D2CBDB00FA632F /* PaddedLabel.swift */ = {isa = PBXFileReference; lastKnownFileType = sourcecode.swift; path = PaddedLabel.swift; sourceTree = "<group>"; };
		D8FC5D8E20DEC4B300FA632F /* Notifications+Extensions.swift */ = {isa = PBXFileReference; lastKnownFileType = sourcecode.swift; path = "Notifications+Extensions.swift"; sourceTree = "<group>"; };
		D8FC5D9020E00C0800FA632F /* CustomSwitch.swift */ = {isa = PBXFileReference; fileEncoding = 4; lastKnownFileType = sourcecode.swift; path = CustomSwitch.swift; sourceTree = "<group>"; };
		D8FC5D9320E00C6000FA632F /* CustomThumbView.swift */ = {isa = PBXFileReference; fileEncoding = 4; lastKnownFileType = sourcecode.swift; path = CustomThumbView.swift; sourceTree = "<group>"; };
		D8FC5D9520E721C800FA632F /* ThemeProtocol.swift */ = {isa = PBXFileReference; lastKnownFileType = sourcecode.swift; path = ThemeProtocol.swift; sourceTree = "<group>"; };
		D8FC5D9720E723DD00FA632F /* Theme.swift */ = {isa = PBXFileReference; lastKnownFileType = sourcecode.swift; path = Theme.swift; sourceTree = "<group>"; };
		D8FC5D9920E7242100FA632F /* LightTheme.swift */ = {isa = PBXFileReference; lastKnownFileType = sourcecode.swift; path = LightTheme.swift; sourceTree = "<group>"; };
		D8FC5D9B20E724B000FA632F /* DarkTheme.swift */ = {isa = PBXFileReference; lastKnownFileType = sourcecode.swift; path = DarkTheme.swift; sourceTree = "<group>"; };
		DA366805E8777B768E8728F2 /* Pods-Wallpaper-App.debug.xcconfig */ = {isa = PBXFileReference; includeInIndex = 1; lastKnownFileType = text.xcconfig; name = "Pods-Wallpaper-App.debug.xcconfig"; path = "Pods/Target Support Files/Pods-Wallpaper-App/Pods-Wallpaper-App.debug.xcconfig"; sourceTree = "<group>"; };
		F3976466CEB472FD86CD9EB5 /* Pods-Wallpaper-App.release.xcconfig */ = {isa = PBXFileReference; includeInIndex = 1; lastKnownFileType = text.xcconfig; name = "Pods-Wallpaper-App.release.xcconfig"; path = "Pods/Target Support Files/Pods-Wallpaper-App/Pods-Wallpaper-App.release.xcconfig"; sourceTree = "<group>"; };
/* End PBXFileReference section */

/* Begin PBXFrameworksBuildPhase section */
		6A17C3FD1EFD5AD30047CBA5 /* Frameworks */ = {
			isa = PBXFrameworksBuildPhase;
			buildActionMask = 2147483647;
			files = (
				49576B963725442268CF8D9F /* Pods_Wallpaper_App.framework in Frameworks */,
			);
			runOnlyForDeploymentPostprocessing = 0;
		};
/* End PBXFrameworksBuildPhase section */

/* Begin PBXGroup section */
		20E76B7AEBEB0C86A0BC6401 /* Pods */ = {
			isa = PBXGroup;
			children = (
				DA366805E8777B768E8728F2 /* Pods-Wallpaper-App.debug.xcconfig */,
				F3976466CEB472FD86CD9EB5 /* Pods-Wallpaper-App.release.xcconfig */,
			);
			name = Pods;
			sourceTree = "<group>";
		};
		35AF904987D59C59CC329A2B /* Frameworks */ = {
			isa = PBXGroup;
			children = (
				736C4A3A5ADC9C6F00DFF982 /* Pods_Wallpaper_App.framework */,
			);
			name = Frameworks;
			sourceTree = "<group>";
		};
		6A1367971F8D657500FC16F8 /* Resources */ = {
			isa = PBXGroup;
			children = (
				D8E93BE620BDB47900CE0AD8 /* GoogleService-Info.plist */,
			);
			name = Resources;
			sourceTree = "<group>";
		};
		6A17C3F71EFD5AD30047CBA5 = {
			isa = PBXGroup;
			children = (
				D8E93BE320BDB23E00CE0AD8 /* Info.plist */,
				6A17C4021EFD5AD30047CBA5 /* Wallpaper-App */,
				6A17C4011EFD5AD30047CBA5 /* Products */,
				20E76B7AEBEB0C86A0BC6401 /* Pods */,
				35AF904987D59C59CC329A2B /* Frameworks */,
			);
			sourceTree = "<group>";
		};
		6A17C4011EFD5AD30047CBA5 /* Products */ = {
			isa = PBXGroup;
			children = (
				6A17C4001EFD5AD30047CBA5 /* Wallpaper-App.app */,
			);
			name = Products;
			sourceTree = "<group>";
		};
		6A17C4021EFD5AD30047CBA5 /* Wallpaper-App */ = {
			isa = PBXGroup;
			children = (
				D808C95E21177006004C95C9 /* Wallpaper-App.entitlements */,
				D8E93B6820B8AC3F00CE0AD8 /* Animations */,
				D8D2A4AC20A7AC160014ADAE /* Services */,
				6A17C4171EFD5B1A0047CBA5 /* Model */,
				6A17C4161EFD5B120047CBA5 /* View */,
				6A17C4151EFD5AFD0047CBA5 /* Controller */,
				6A1367971F8D657500FC16F8 /* Resources */,
				D8E93BA120B8B0C100CE0AD8 /* Assets.xcassets */,
			);
			path = "Wallpaper-App";
			sourceTree = "<group>";
		};
		6A17C4151EFD5AFD0047CBA5 /* Controller */ = {
			isa = PBXGroup;
			children = (
				D8E93BF220C32AC000CE0AD8 /* SplashViewController.swift */,
				D8E93B9B20B8B0B100CE0AD8 /* LoginViewController.swift */,
				D8E93B9920B8B0B000CE0AD8 /* SignUpViewController.swift */,
				D895F4C121481C0200E7F8BE /* ForgotPasswordViewController.swift */,
				D8E93B9A20B8B0B000CE0AD8 /* FeedViewController.swift */,
				D8E93B9220B8B08D00CE0AD8 /* UploadViewController.swift */,
				D8E93B9C20B8B0B100CE0AD8 /* PopUpViewController.swift */,
				D8FC5D8420D2BA2B00FA632F /* PopUpViewController.xib */,
				D895F4BF21402BEC00E7F8BE /* CustomNaviController.swift */,
			);
			name = Controller;
			sourceTree = "<group>";
		};
		6A17C4161EFD5B120047CBA5 /* View */ = {
			isa = PBXGroup;
			children = (
				D87DA23920FBAC0A00777B0D /* RevealPassword */,
				D8FC5D9220E00C3600FA632F /* Switch */,
				D8E93B9120B8B08D00CE0AD8 /* AnimatedTextField.swift */,
				D8E93B8F20B8B08D00CE0AD8 /* WallpaperRoundedCardCell.swift */,
				D8E93B9020B8B08D00CE0AD8 /* WallpaperRoundedCardCell.xib */,
				D8E93BF020C3257800CE0AD8 /* CustomLoadingView.swift */,
				D8FC5D8A20D2CBDB00FA632F /* PaddedLabel.swift */,
				D87DA23520FA4CE800777B0D /* RoundedRectButton.swift */,
				D87DA23720FA556B00777B0D /* CustomCardView.swift */,
			);
			name = View;
			sourceTree = "<group>";
		};
		6A17C4171EFD5B1A0047CBA5 /* Model */ = {
			isa = PBXGroup;
			children = (
				D808C9682135B46D004C95C9 /* Extensions */,
				D8FC5D9D20E72A0100FA632F /* Theme */,
				D8E93BE020BDB22200CE0AD8 /* LaunchScreen.storyboard */,
				D8E93BDC20BDB1FC00CE0AD8 /* Main.storyboard */,
				D8E93B8720B8B05100CE0AD8 /* AppDelegate.swift */,
				D8E93B8920B8B05100CE0AD8 /* Constants.swift */,
				D8E93B8620B8B05100CE0AD8 /* UserDefaults.swift */,
				D8E93B8820B8B05100CE0AD8 /* Wallpaper.swift */,
				D8E93BE820BF0D8C00CE0AD8 /* WallpaperCategories.swift */,
				D8E93BEA20BF2AD500CE0AD8 /* User.swift */,
				D8E93BEE20C1AC7300CE0AD8 /* WallpaperImageCache.swift */,
				D808C9632131EEBE004C95C9 /* EntryAttributeWrapper.swift */,
			);
			name = Model;
			sourceTree = "<group>";
		};
		D808C9682135B46D004C95C9 /* Extensions */ = {
			isa = PBXGroup;
			children = (
				D8E93BEC20C1A77D00CE0AD8 /* Extensions.swift */,
				D895F4C3214AEF6D00E7F8BE /* UITextField+ValidationExt.swift */,
				D8FC5D8E20DEC4B300FA632F /* Notifications+Extensions.swift */,
				D8E93B8520B8B05100CE0AD8 /* ImageResizeExt.swift */,
				D808C9692135B490004C95C9 /* DynamicAccessibilityLayout.swift */,
			);
			name = Extensions;
			sourceTree = "<group>";
		};
		D808C96F2135F371004C95C9 /* Custom */ = {
			isa = PBXGroup;
			children = (
				D808C96D2135F36A004C95C9 /* PresentSectionViewController.swift */,
			);
			name = Custom;
			sourceTree = "<group>";
		};
		D87DA23920FBAC0A00777B0D /* RevealPassword */ = {
			isa = PBXGroup;
			children = (
				D87DA23C20FBAC2E00777B0D /* LoginButton.swift */,
				D87DA23A20FBAC2500777B0D /* RevealPasswordTextField.swift */,
			);
			name = RevealPassword;
			sourceTree = "<group>";
		};
		D87DA24220FBB90800777B0D /* Modal */ = {
			isa = PBXGroup;
			children = (
				D87DA24020FBB8DD00777B0D /* ModalTransitionAnimator.swift */,
				D87DA24320FBB91C00777B0D /* ModalOperation.swift */,
				D87DA24520FBB93F00777B0D /* ModalTransitionConfigurator.swift */,
				D87DA24720FBB96C00777B0D /* ModalTransitionDelegate.swift */,
			);
			name = Modal;
			sourceTree = "<group>";
		};
		D87DA24920FBB9A300777B0D /* Pan */ = {
			isa = PBXGroup;
			children = (
				D87DA24A20FBB9AC00777B0D /* Pan.swift */,
				D87DA24C20FBB9D400777B0D /* PanDirection.swift */,
				D87DA24E20FBB9F400777B0D /* PanFactory.swift */,
			);
			name = Pan;
			sourceTree = "<group>";
		};
		D87DA25020FBBA2400777B0D /* Gestures */ = {
			isa = PBXGroup;
			children = (
				D87DA25120FBBA4500777B0D /* TransitionEdgePanGestureRecognizer.swift */,
				D87DA25320FBBA6C00777B0D /* TransitionPanGestureRecognizer.swift */,
			);
			name = Gestures;
			sourceTree = "<group>";
		};
		D87DA25520FBBAD000777B0D /* Animators */ = {
			isa = PBXGroup;
			children = (
				D8E93BBA20B8B63100CE0AD8 /* AppStoreAnimatorInfo.swift */,
				D87DA23E20FBB8AB00777B0D /* PresentationControllerAnimator.swift */,
			);
			name = Animators;
			sourceTree = "<group>";
		};
		D87DA25820FBBB6200777B0D /* Navigation */ = {
			isa = PBXGroup;
			children = (
				D87DA25920FBBB8000777B0D /* NavigationTransitionDelegate.swift */,
				D87DA25B20FBBBA600777B0D /* NavigationTransitionAnimator.swift */,
				D87DA25D20FBBBC500777B0D /* NavigationTransitionConfigurator.swift */,
			);
			name = Navigation;
			sourceTree = "<group>";
		};
		D87DA26320FBCD8A00777B0D /* CoreGraphics */ = {
			isa = PBXGroup;
			children = (
				D8E93BB220B8B63000CE0AD8 /* CGAffineTransform+Custom.swift */,
			);
			name = CoreGraphics;
			sourceTree = "<group>";
		};
		D87DA26420FBCDA300777B0D /* Foundation */ = {
			isa = PBXGroup;
			children = (
				D8E93BB120B8B63000CE0AD8 /* FunctionalEnumerated.swift */,
			);
			name = Foundation;
			sourceTree = "<group>";
		};
		D87DA26520FBCDBB00777B0D /* UIKit */ = {
			isa = PBXGroup;
			children = (
				D8E93BBB20B8B63100CE0AD8 /* NSLayoutConstraint+Multiplier.swift */,
				D8E93BB620B8B63100CE0AD8 /* UICollectionView+OrderedCells.swift */,
				D8E93BB720B8B63100CE0AD8 /* UIWindow+SafeArea.swift */,
			);
			name = UIKit;
			sourceTree = "<group>";
		};
		D87DA26620FBCE1000777B0D /* Style */ = {
			isa = PBXGroup;
			children = (
				D8E93BB520B8B63000CE0AD8 /* CircularImageView.swift */,
				D8E93BB020B8B63000CE0AD8 /* RoundCornersButton.swift */,
				D87DA26820FBCE9400777B0D /* Views */,
				D87DA26720FBCE1C00777B0D /* Shadow */,
			);
			name = Style;
			sourceTree = "<group>";
		};
		D87DA26720FBCE1C00777B0D /* Shadow */ = {
			isa = PBXGroup;
			children = (
				D8FC5D8820D2C9FA00FA632F /* UIView+ShadowStyle.swift */,
				D8FC5D8620D2C89500FA632F /* ShadowStyle.swift */,
			);
			name = Shadow;
			sourceTree = "<group>";
		};
		D87DA26820FBCE9400777B0D /* Views */ = {
			isa = PBXGroup;
			children = (
				D8E93BB920B8B63100CE0AD8 /* CardView.swift */,
				D8E93BB420B8B63000CE0AD8 /* CardViewDelegate.swift */,
			);
			name = Views;
			sourceTree = "<group>";
		};
		D87DA26920FBCEEB00777B0D /* Utilities */ = {
			isa = PBXGroup;
			children = (
				D8E93BBC20B8B63200CE0AD8 /* NibLoadbleView.swift */,
				D8E93BB320B8B63000CE0AD8 /* ReusableCells.swift */,
			);
			name = Utilities;
			sourceTree = "<group>";
		};
		D8D2A4AC20A7AC160014ADAE /* Services */ = {
			isa = PBXGroup;
			children = (
				D8E93B8320B8B02D00CE0AD8 /* FIRService.swift */,
				D8E93B8120B8B02000CE0AD8 /* AuthService.swift */,
			);
			name = Services;
			sourceTree = "<group>";
		};
		D8E93B6820B8AC3F00CE0AD8 /* Animations */ = {
			isa = PBXGroup;
			children = (
				D808C96F2135F371004C95C9 /* Custom */,
				D87DA26920FBCEEB00777B0D /* Utilities */,
				D87DA26620FBCE1000777B0D /* Style */,
				D87DA26520FBCDBB00777B0D /* UIKit */,
				D87DA26420FBCDA300777B0D /* Foundation */,
				D87DA26320FBCD8A00777B0D /* CoreGraphics */,
				D87DA25820FBBB6200777B0D /* Navigation */,
				D87DA25520FBBAD000777B0D /* Animators */,
				D87DA25020FBBA2400777B0D /* Gestures */,
				D87DA24920FBB9A300777B0D /* Pan */,
				D87DA24220FBB90800777B0D /* Modal */,
				D87DA25620FBBAF400777B0D /* PanGesture.swift */,
				D87DA25F20FBBC0300777B0D /* TransitionInteractiveController.swift */,
				D87DA26120FBBC4D00777B0D /* Configuration.swift */,
				D895F4BD213C54D600E7F8BE /* TransitionClone.swift */,
			);
			name = Animations;
			sourceTree = "<group>";
		};
		D8FC5D9220E00C3600FA632F /* Switch */ = {
			isa = PBXGroup;
			children = (
				D8FC5D9020E00C0800FA632F /* CustomSwitch.swift */,
				D8FC5D9320E00C6000FA632F /* CustomThumbView.swift */,
			);
			name = Switch;
			sourceTree = "<group>";
		};
		D8FC5D9D20E72A0100FA632F /* Theme */ = {
			isa = PBXGroup;
			children = (
				D8FC5D9720E723DD00FA632F /* Theme.swift */,
				D8FC5D9920E7242100FA632F /* LightTheme.swift */,
				D8FC5D9B20E724B000FA632F /* DarkTheme.swift */,
				D8FC5D9520E721C800FA632F /* ThemeProtocol.swift */,
			);
			name = Theme;
			sourceTree = "<group>";
		};
/* End PBXGroup section */

/* Begin PBXNativeTarget section */
		6A17C3FF1EFD5AD30047CBA5 /* Wallpaper-App */ = {
			isa = PBXNativeTarget;
			buildConfigurationList = 6A17C4121EFD5AD30047CBA5 /* Build configuration list for PBXNativeTarget "Wallpaper-App" */;
			buildPhases = (
				316C27380CBDABD097A2BEB0 /* [CP] Check Pods Manifest.lock */,
				6A17C3FC1EFD5AD30047CBA5 /* Sources */,
				6A17C3FD1EFD5AD30047CBA5 /* Frameworks */,
				6A17C3FE1EFD5AD30047CBA5 /* Resources */,
				F65115B8696A3B83642394D0 /* [CP] Embed Pods Frameworks */,
			);
			buildRules = (
			);
			dependencies = (
			);
			name = "Wallpaper-App";
			productName = "Collection-View-AppStore";
			productReference = 6A17C4001EFD5AD30047CBA5 /* Wallpaper-App.app */;
			productType = "com.apple.product-type.application";
		};
/* End PBXNativeTarget section */

/* Begin PBXProject section */
		6A17C3F81EFD5AD30047CBA5 /* Project object */ = {
			isa = PBXProject;
			attributes = {
				LastSwiftUpdateCheck = 0830;
				LastUpgradeCheck = 0930;
				ORGANIZATIONNAME = "C McGhee";
				TargetAttributes = {
					6A17C3FF1EFD5AD30047CBA5 = {
						CreatedOnToolsVersion = 8.3.2;
						DevelopmentTeam = 48HD6AZC2E;
						LastSwiftMigration = 0900;
						ProvisioningStyle = Automatic;
						SystemCapabilities = {
							com.apple.Push = {
								enabled = 1;
							};
						};
					};
				};
			};
			buildConfigurationList = 6A17C3FB1EFD5AD30047CBA5 /* Build configuration list for PBXProject "Wallpaper-App" */;
			compatibilityVersion = "Xcode 3.2";
			developmentRegion = English;
			hasScannedForEncodings = 0;
			knownRegions = (
				en,
				Base,
			);
			mainGroup = 6A17C3F71EFD5AD30047CBA5;
			productRefGroup = 6A17C4011EFD5AD30047CBA5 /* Products */;
			projectDirPath = "";
			projectRoot = "";
			targets = (
				6A17C3FF1EFD5AD30047CBA5 /* Wallpaper-App */,
			);
		};
/* End PBXProject section */

/* Begin PBXResourcesBuildPhase section */
		6A17C3FE1EFD5AD30047CBA5 /* Resources */ = {
			isa = PBXResourcesBuildPhase;
			buildActionMask = 2147483647;
			files = (
				D8E93BE720BDB47900CE0AD8 /* GoogleService-Info.plist in Resources */,
				D8E93BDF20BDB20E00CE0AD8 /* Main.storyboard in Resources */,
				D8E93B9520B8B08D00CE0AD8 /* WallpaperRoundedCardCell.xib in Resources */,
				D8E93BE220BDB22200CE0AD8 /* LaunchScreen.storyboard in Resources */,
				D8FC5D8520D2BA2B00FA632F /* PopUpViewController.xib in Resources */,
				D8E93BA220B8B0C100CE0AD8 /* Assets.xcassets in Resources */,
			);
			runOnlyForDeploymentPostprocessing = 0;
		};
/* End PBXResourcesBuildPhase section */

/* Begin PBXShellScriptBuildPhase section */
		316C27380CBDABD097A2BEB0 /* [CP] Check Pods Manifest.lock */ = {
			isa = PBXShellScriptBuildPhase;
			buildActionMask = 2147483647;
			files = (
			);
			inputPaths = (
				"${PODS_PODFILE_DIR_PATH}/Podfile.lock",
				"${PODS_ROOT}/Manifest.lock",
			);
			name = "[CP] Check Pods Manifest.lock";
			outputPaths = (
				"$(DERIVED_FILE_DIR)/Pods-Wallpaper-App-checkManifestLockResult.txt",
			);
			runOnlyForDeploymentPostprocessing = 0;
			shellPath = /bin/sh;
			shellScript = "diff \"${PODS_PODFILE_DIR_PATH}/Podfile.lock\" \"${PODS_ROOT}/Manifest.lock\" > /dev/null\nif [ $? != 0 ] ; then\n    # print error to STDERR\n    echo \"error: The sandbox is not in sync with the Podfile.lock. Run 'pod install' or update your CocoaPods installation.\" >&2\n    exit 1\nfi\n# This output is used by Xcode 'outputs' to avoid re-running this script phase.\necho \"SUCCESS\" > \"${SCRIPT_OUTPUT_FILE_0}\"\n";
			showEnvVarsInLog = 0;
		};
		F65115B8696A3B83642394D0 /* [CP] Embed Pods Frameworks */ = {
			isa = PBXShellScriptBuildPhase;
			buildActionMask = 2147483647;
			files = (
			);
			inputPaths = (
				"${SRCROOT}/Pods/Target Support Files/Pods-Wallpaper-App/Pods-Wallpaper-App-frameworks.sh",
				"${BUILT_PRODUCTS_DIR}/Armchair/Armchair.framework",
				"${BUILT_PRODUCTS_DIR}/EasyTransitions/EasyTransitions.framework",
				"${BUILT_PRODUCTS_DIR}/GTMSessionFetcher/GTMSessionFetcher.framework",
				"${BUILT_PRODUCTS_DIR}/GlidingCollection/GlidingCollection.framework",
				"${BUILT_PRODUCTS_DIR}/GoogleToolboxForMac/GoogleToolboxForMac.framework",
				"${BUILT_PRODUCTS_DIR}/Instructions/Instructions.framework",
				"${BUILT_PRODUCTS_DIR}/Kingfisher/Kingfisher.framework",
				"${BUILT_PRODUCTS_DIR}/McPicker/McPicker.framework",
				"${BUILT_PRODUCTS_DIR}/NVActivityIndicatorView/NVActivityIndicatorView.framework",
				"${BUILT_PRODUCTS_DIR}/QuickLayout/QuickLayout.framework",
				"${BUILT_PRODUCTS_DIR}/Siren/Siren.framework",
				"${BUILT_PRODUCTS_DIR}/SwiftEntryKit/SwiftEntryKit.framework",
				"${BUILT_PRODUCTS_DIR}/SwiftyJSON/SwiftyJSON.framework",
				"${BUILT_PRODUCTS_DIR}/Twinkle/Twinkle.framework",
				"${BUILT_PRODUCTS_DIR}/leveldb-library/leveldb.framework",
				"${BUILT_PRODUCTS_DIR}/nanopb/nanopb.framework",
			);
			name = "[CP] Embed Pods Frameworks";
			outputPaths = (
				"${TARGET_BUILD_DIR}/${FRAMEWORKS_FOLDER_PATH}/Armchair.framework",
				"${TARGET_BUILD_DIR}/${FRAMEWORKS_FOLDER_PATH}/EasyTransitions.framework",
				"${TARGET_BUILD_DIR}/${FRAMEWORKS_FOLDER_PATH}/GTMSessionFetcher.framework",
				"${TARGET_BUILD_DIR}/${FRAMEWORKS_FOLDER_PATH}/GlidingCollection.framework",
				"${TARGET_BUILD_DIR}/${FRAMEWORKS_FOLDER_PATH}/GoogleToolboxForMac.framework",
				"${TARGET_BUILD_DIR}/${FRAMEWORKS_FOLDER_PATH}/Instructions.framework",
				"${TARGET_BUILD_DIR}/${FRAMEWORKS_FOLDER_PATH}/Kingfisher.framework",
				"${TARGET_BUILD_DIR}/${FRAMEWORKS_FOLDER_PATH}/McPicker.framework",
				"${TARGET_BUILD_DIR}/${FRAMEWORKS_FOLDER_PATH}/NVActivityIndicatorView.framework",
				"${TARGET_BUILD_DIR}/${FRAMEWORKS_FOLDER_PATH}/QuickLayout.framework",
				"${TARGET_BUILD_DIR}/${FRAMEWORKS_FOLDER_PATH}/Siren.framework",
				"${TARGET_BUILD_DIR}/${FRAMEWORKS_FOLDER_PATH}/SwiftEntryKit.framework",
				"${TARGET_BUILD_DIR}/${FRAMEWORKS_FOLDER_PATH}/SwiftyJSON.framework",
				"${TARGET_BUILD_DIR}/${FRAMEWORKS_FOLDER_PATH}/Twinkle.framework",
				"${TARGET_BUILD_DIR}/${FRAMEWORKS_FOLDER_PATH}/leveldb.framework",
				"${TARGET_BUILD_DIR}/${FRAMEWORKS_FOLDER_PATH}/nanopb.framework",
			);
			runOnlyForDeploymentPostprocessing = 0;
			shellPath = /bin/sh;
			shellScript = "\"${SRCROOT}/Pods/Target Support Files/Pods-Wallpaper-App/Pods-Wallpaper-App-frameworks.sh\"\n";
		};
/* End PBXShellScriptBuildPhase section */

/* Begin PBXSourcesBuildPhase section */
		6A17C3FC1EFD5AD30047CBA5 /* Sources */ = {
			isa = PBXSourcesBuildPhase;
			buildActionMask = 2147483647;
			files = (
				D8FC5D9420E00C6000FA632F /* CustomThumbView.swift in Sources */,
				D8E93BC120B8B63200CE0AD8 /* CardViewDelegate.swift in Sources */,
				D8E93B8B20B8B05100CE0AD8 /* UserDefaults.swift in Sources */,
				D8E93B9720B8B08D00CE0AD8 /* UploadViewController.swift in Sources */,
				D8E93BC720B8B63200CE0AD8 /* AppStoreAnimatorInfo.swift in Sources */,
				D895F4C021402BEC00E7F8BE /* CustomNaviController.swift in Sources */,
				D8E93BBE20B8B63200CE0AD8 /* FunctionalEnumerated.swift in Sources */,
				D87DA26220FBBC4D00777B0D /* Configuration.swift in Sources */,
				D87DA24F20FBB9F400777B0D /* PanFactory.swift in Sources */,
				D8E93BF120C3257800CE0AD8 /* CustomLoadingView.swift in Sources */,
				D8FC5D8F20DEC4B300FA632F /* Notifications+Extensions.swift in Sources */,
				D8E93BBD20B8B63200CE0AD8 /* RoundCornersButton.swift in Sources */,
				D8E93BC220B8B63200CE0AD8 /* CircularImageView.swift in Sources */,
				D8E93BEB20BF2AD500CE0AD8 /* User.swift in Sources */,
				D808C96E2135F36A004C95C9 /* PresentSectionViewController.swift in Sources */,
				D87DA24120FBB8DD00777B0D /* ModalTransitionAnimator.swift in Sources */,
				D8E93B8E20B8B05100CE0AD8 /* Constants.swift in Sources */,
				D8FC5D9620E721C800FA632F /* ThemeProtocol.swift in Sources */,
				D895F4C4214AEF6E00E7F8BE /* UITextField+ValidationExt.swift in Sources */,
				D87DA23D20FBAC2E00777B0D /* LoginButton.swift in Sources */,
				D87DA25420FBBA6C00777B0D /* TransitionPanGestureRecognizer.swift in Sources */,
				D8E93B8A20B8B05100CE0AD8 /* ImageResizeExt.swift in Sources */,
				D87DA24420FBB91C00777B0D /* ModalOperation.swift in Sources */,
				D87DA25E20FBBBC500777B0D /* NavigationTransitionConfigurator.swift in Sources */,
				D87DA24820FBB96C00777B0D /* ModalTransitionDelegate.swift in Sources */,
				D87DA25220FBBA4500777B0D /* TransitionEdgePanGestureRecognizer.swift in Sources */,
				D895F4BE213C54D600E7F8BE /* TransitionClone.swift in Sources */,
				D8E93BC320B8B63200CE0AD8 /* UICollectionView+OrderedCells.swift in Sources */,
				D87DA25C20FBBBA600777B0D /* NavigationTransitionAnimator.swift in Sources */,
				D8E93BC420B8B63200CE0AD8 /* UIWindow+SafeArea.swift in Sources */,
				D87DA23F20FBB8AB00777B0D /* PresentationControllerAnimator.swift in Sources */,
				D87DA23B20FBAC2500777B0D /* RevealPasswordTextField.swift in Sources */,
				D8E93B8420B8B02D00CE0AD8 /* FIRService.swift in Sources */,
				D808C9642131EEBE004C95C9 /* EntryAttributeWrapper.swift in Sources */,
				D8FC5D9820E723DD00FA632F /* Theme.swift in Sources */,
				D8E93B8D20B8B05100CE0AD8 /* Wallpaper.swift in Sources */,
				D8FC5D9C20E724B000FA632F /* DarkTheme.swift in Sources */,
				D8FC5D9A20E7242100FA632F /* LightTheme.swift in Sources */,
				D8E93BE920BF0D8C00CE0AD8 /* WallpaperCategories.swift in Sources */,
				D87DA23620FA4CE800777B0D /* RoundedRectButton.swift in Sources */,
				D8E93BC820B8B63200CE0AD8 /* NSLayoutConstraint+Multiplier.swift in Sources */,
				D8E93B8C20B8B05100CE0AD8 /* AppDelegate.swift in Sources */,
				D8FC5D8B20D2CBDB00FA632F /* PaddedLabel.swift in Sources */,
				D8FC5D8920D2C9FA00FA632F /* UIView+ShadowStyle.swift in Sources */,
				D8E93B9F20B8B0B100CE0AD8 /* LoginViewController.swift in Sources */,
				D8E93BA020B8B0B100CE0AD8 /* PopUpViewController.swift in Sources */,
				D8FC5D8720D2C89500FA632F /* ShadowStyle.swift in Sources */,
				D895F4C221481C0200E7F8BE /* ForgotPasswordViewController.swift in Sources */,
				D8E93BF320C32AC000CE0AD8 /* SplashViewController.swift in Sources */,
				D8E93B9E20B8B0B100CE0AD8 /* FeedViewController.swift in Sources */,
				D87DA25A20FBBB8000777B0D /* NavigationTransitionDelegate.swift in Sources */,
				D8E93B9D20B8B0B100CE0AD8 /* SignUpViewController.swift in Sources */,
				D8E93BC920B8B63200CE0AD8 /* NibLoadbleView.swift in Sources */,
				D8E93B9620B8B08D00CE0AD8 /* AnimatedTextField.swift in Sources */,
				D8E93BEF20C1AC7300CE0AD8 /* WallpaperImageCache.swift in Sources */,
				D87DA24620FBB93F00777B0D /* ModalTransitionConfigurator.swift in Sources */,
				D87DA24B20FBB9AC00777B0D /* Pan.swift in Sources */,
				D8E93B9420B8B08D00CE0AD8 /* WallpaperRoundedCardCell.swift in Sources */,
				D808C96A2135B490004C95C9 /* DynamicAccessibilityLayout.swift in Sources */,
				D8E93BED20C1A77E00CE0AD8 /* Extensions.swift in Sources */,
				D8E93BBF20B8B63200CE0AD8 /* CGAffineTransform+Custom.swift in Sources */,
				D87DA23820FA556B00777B0D /* CustomCardView.swift in Sources */,
				D8E93BC020B8B63200CE0AD8 /* ReusableCells.swift in Sources */,
				D87DA25720FBBAF400777B0D /* PanGesture.swift in Sources */,
				D8E93BC620B8B63200CE0AD8 /* CardView.swift in Sources */,
				D8FC5D9120E00C0800FA632F /* CustomSwitch.swift in Sources */,
				D8E93B8220B8B02100CE0AD8 /* AuthService.swift in Sources */,
				D87DA24D20FBB9D400777B0D /* PanDirection.swift in Sources */,
				D87DA26020FBBC0300777B0D /* TransitionInteractiveController.swift in Sources */,
			);
			runOnlyForDeploymentPostprocessing = 0;
		};
/* End PBXSourcesBuildPhase section */

/* Begin PBXVariantGroup section */
		D8E93BDC20BDB1FC00CE0AD8 /* Main.storyboard */ = {
			isa = PBXVariantGroup;
			children = (
				D8E93BDD20BDB1FC00CE0AD8 /* Base */,
			);
			name = Main.storyboard;
			sourceTree = "<group>";
		};
		D8E93BE020BDB22200CE0AD8 /* LaunchScreen.storyboard */ = {
			isa = PBXVariantGroup;
			children = (
				D8E93BE120BDB22200CE0AD8 /* Base */,
			);
			name = LaunchScreen.storyboard;
			sourceTree = "<group>";
		};
		D8E93BE320BDB23E00CE0AD8 /* Info.plist */ = {
			isa = PBXVariantGroup;
			children = (
				D8E93BE420BDB23E00CE0AD8 /* Base */,
			);
			name = Info.plist;
			sourceTree = "<group>";
		};
/* End PBXVariantGroup section */

/* Begin XCBuildConfiguration section */
		6A17C4101EFD5AD30047CBA5 /* Debug */ = {
			isa = XCBuildConfiguration;
			buildSettings = {
				ALWAYS_SEARCH_USER_PATHS = NO;
				CLANG_ANALYZER_NONNULL = YES;
				CLANG_ANALYZER_NUMBER_OBJECT_CONVERSION = YES_AGGRESSIVE;
				CLANG_CXX_LANGUAGE_STANDARD = "gnu++0x";
				CLANG_CXX_LIBRARY = "libc++";
				CLANG_ENABLE_MODULES = YES;
				CLANG_ENABLE_OBJC_ARC = YES;
				CLANG_WARN_BLOCK_CAPTURE_AUTORELEASING = YES;
				CLANG_WARN_BOOL_CONVERSION = YES;
				CLANG_WARN_COMMA = YES;
				CLANG_WARN_CONSTANT_CONVERSION = YES;
				CLANG_WARN_DEPRECATED_OBJC_IMPLEMENTATIONS = YES;
				CLANG_WARN_DIRECT_OBJC_ISA_USAGE = YES_ERROR;
				CLANG_WARN_DOCUMENTATION_COMMENTS = YES;
				CLANG_WARN_EMPTY_BODY = YES;
				CLANG_WARN_ENUM_CONVERSION = YES;
				CLANG_WARN_INFINITE_RECURSION = YES;
				CLANG_WARN_INT_CONVERSION = YES;
				CLANG_WARN_NON_LITERAL_NULL_CONVERSION = YES;
				CLANG_WARN_OBJC_IMPLICIT_RETAIN_SELF = YES;
				CLANG_WARN_OBJC_LITERAL_CONVERSION = YES;
				CLANG_WARN_OBJC_ROOT_CLASS = YES_ERROR;
				CLANG_WARN_RANGE_LOOP_ANALYSIS = YES;
				CLANG_WARN_STRICT_PROTOTYPES = YES;
				CLANG_WARN_SUSPICIOUS_MOVE = YES;
				CLANG_WARN_UNREACHABLE_CODE = YES;
				CLANG_WARN__DUPLICATE_METHOD_MATCH = YES;
				"CODE_SIGN_IDENTITY[sdk=iphoneos*]" = "iPhone Developer";
				COPY_PHASE_STRIP = NO;
				DEBUG_INFORMATION_FORMAT = "dwarf-with-dsym";
				ENABLE_STRICT_OBJC_MSGSEND = YES;
				ENABLE_TESTABILITY = YES;
				GCC_C_LANGUAGE_STANDARD = gnu99;
				GCC_DYNAMIC_NO_PIC = NO;
				GCC_NO_COMMON_BLOCKS = YES;
				GCC_OPTIMIZATION_LEVEL = 0;
				GCC_PREPROCESSOR_DEFINITIONS = (
					"DEBUG=1",
					"$(inherited)",
				);
				GCC_WARN_64_TO_32_BIT_CONVERSION = YES;
				GCC_WARN_ABOUT_RETURN_TYPE = YES_ERROR;
				GCC_WARN_UNDECLARED_SELECTOR = YES;
				GCC_WARN_UNINITIALIZED_AUTOS = YES_AGGRESSIVE;
				GCC_WARN_UNUSED_FUNCTION = YES;
				GCC_WARN_UNUSED_VARIABLE = YES;
				IPHONEOS_DEPLOYMENT_TARGET = 10.0;
				MTL_ENABLE_DEBUG_INFO = YES;
				ONLY_ACTIVE_ARCH = YES;
				SDKROOT = iphoneos;
				SWIFT_ACTIVE_COMPILATION_CONDITIONS = DEBUG;
				SWIFT_OPTIMIZATION_LEVEL = "-Onone";
				TARGETED_DEVICE_FAMILY = "1,2";
			};
			name = Debug;
		};
		6A17C4111EFD5AD30047CBA5 /* Release */ = {
			isa = XCBuildConfiguration;
			buildSettings = {
				ALWAYS_SEARCH_USER_PATHS = NO;
				CLANG_ANALYZER_NONNULL = YES;
				CLANG_ANALYZER_NUMBER_OBJECT_CONVERSION = YES_AGGRESSIVE;
				CLANG_CXX_LANGUAGE_STANDARD = "gnu++0x";
				CLANG_CXX_LIBRARY = "libc++";
				CLANG_ENABLE_MODULES = YES;
				CLANG_ENABLE_OBJC_ARC = YES;
				CLANG_WARN_BLOCK_CAPTURE_AUTORELEASING = YES;
				CLANG_WARN_BOOL_CONVERSION = YES;
				CLANG_WARN_COMMA = YES;
				CLANG_WARN_CONSTANT_CONVERSION = YES;
				CLANG_WARN_DEPRECATED_OBJC_IMPLEMENTATIONS = YES;
				CLANG_WARN_DIRECT_OBJC_ISA_USAGE = YES_ERROR;
				CLANG_WARN_DOCUMENTATION_COMMENTS = YES;
				CLANG_WARN_EMPTY_BODY = YES;
				CLANG_WARN_ENUM_CONVERSION = YES;
				CLANG_WARN_INFINITE_RECURSION = YES;
				CLANG_WARN_INT_CONVERSION = YES;
				CLANG_WARN_NON_LITERAL_NULL_CONVERSION = YES;
				CLANG_WARN_OBJC_IMPLICIT_RETAIN_SELF = YES;
				CLANG_WARN_OBJC_LITERAL_CONVERSION = YES;
				CLANG_WARN_OBJC_ROOT_CLASS = YES_ERROR;
				CLANG_WARN_RANGE_LOOP_ANALYSIS = YES;
				CLANG_WARN_STRICT_PROTOTYPES = YES;
				CLANG_WARN_SUSPICIOUS_MOVE = YES;
				CLANG_WARN_UNREACHABLE_CODE = YES;
				CLANG_WARN__DUPLICATE_METHOD_MATCH = YES;
				"CODE_SIGN_IDENTITY[sdk=iphoneos*]" = "iPhone Developer";
				COPY_PHASE_STRIP = NO;
				DEBUG_INFORMATION_FORMAT = "dwarf-with-dsym";
				ENABLE_NS_ASSERTIONS = NO;
				ENABLE_STRICT_OBJC_MSGSEND = YES;
				GCC_C_LANGUAGE_STANDARD = gnu99;
				GCC_NO_COMMON_BLOCKS = YES;
				GCC_WARN_64_TO_32_BIT_CONVERSION = YES;
				GCC_WARN_ABOUT_RETURN_TYPE = YES_ERROR;
				GCC_WARN_UNDECLARED_SELECTOR = YES;
				GCC_WARN_UNINITIALIZED_AUTOS = YES_AGGRESSIVE;
				GCC_WARN_UNUSED_FUNCTION = YES;
				GCC_WARN_UNUSED_VARIABLE = YES;
				IPHONEOS_DEPLOYMENT_TARGET = 10.0;
				MTL_ENABLE_DEBUG_INFO = NO;
				SDKROOT = iphoneos;
				SWIFT_OPTIMIZATION_LEVEL = "-Owholemodule";
				TARGETED_DEVICE_FAMILY = "1,2";
				VALIDATE_PRODUCT = YES;
			};
			name = Release;
		};
		6A17C4131EFD5AD30047CBA5 /* Debug */ = {
			isa = XCBuildConfiguration;
			baseConfigurationReference = DA366805E8777B768E8728F2 /* Pods-Wallpaper-App.debug.xcconfig */;
			buildSettings = {
				ASSETCATALOG_COMPILER_APPICON_NAME = AppIcon;
				CODE_SIGN_ENTITLEMENTS = "Wallpaper-App/Wallpaper-App.entitlements";
				DEBUG_INFORMATION_FORMAT = "dwarf-with-dsym";
				DEVELOPMENT_TEAM = 48HD6AZC2E;
				INFOPLIST_FILE = "Wallpaper-App/Base.lproj/Info.plist";
				IPHONEOS_DEPLOYMENT_TARGET = 10.0;
				LD_RUNPATH_SEARCH_PATHS = "$(inherited) @executable_path/Frameworks";
				PRODUCT_BUNDLE_IDENTIFIER = com.cmcgheit.wallvariety;
				PRODUCT_NAME = "$(TARGET_NAME)";
				SWIFT_SWIFT3_OBJC_INFERENCE = Default;
				SWIFT_VERSION = 4.0;
			};
			name = Debug;
		};
		6A17C4141EFD5AD30047CBA5 /* Release */ = {
			isa = XCBuildConfiguration;
			baseConfigurationReference = F3976466CEB472FD86CD9EB5 /* Pods-Wallpaper-App.release.xcconfig */;
			buildSettings = {
				ASSETCATALOG_COMPILER_APPICON_NAME = AppIcon;
				CODE_SIGN_ENTITLEMENTS = "Wallpaper-App/Wallpaper-App.entitlements";
				DEVELOPMENT_TEAM = 48HD6AZC2E;
				INFOPLIST_FILE = "Wallpaper-App/Base.lproj/Info.plist";
				IPHONEOS_DEPLOYMENT_TARGET = 10.0;
				LD_RUNPATH_SEARCH_PATHS = "$(inherited) @executable_path/Frameworks";
				PRODUCT_BUNDLE_IDENTIFIER = com.cmcgheit.wallvariety;
				PRODUCT_NAME = "$(TARGET_NAME)";
				SWIFT_SWIFT3_OBJC_INFERENCE = Default;
				SWIFT_VERSION = 4.0;
			};
			name = Release;
		};
/* End XCBuildConfiguration section */

/* Begin XCConfigurationList section */
		6A17C3FB1EFD5AD30047CBA5 /* Build configuration list for PBXProject "Wallpaper-App" */ = {
			isa = XCConfigurationList;
			buildConfigurations = (
				6A17C4101EFD5AD30047CBA5 /* Debug */,
				6A17C4111EFD5AD30047CBA5 /* Release */,
			);
			defaultConfigurationIsVisible = 0;
			defaultConfigurationName = Release;
		};
		6A17C4121EFD5AD30047CBA5 /* Build configuration list for PBXNativeTarget "Wallpaper-App" */ = {
			isa = XCConfigurationList;
			buildConfigurations = (
				6A17C4131EFD5AD30047CBA5 /* Debug */,
				6A17C4141EFD5AD30047CBA5 /* Release */,
			);
			defaultConfigurationIsVisible = 0;
			defaultConfigurationName = Release;
		};
/* End XCConfigurationList section */
	};
	rootObject = 6A17C3F81EFD5AD30047CBA5 /* Project object */;
}
