// !$*UTF8*$!
{
	archiveVersion = 1;
	classes = {
	};
	objectVersion = 46;
	objects = {

/* Begin PBXBuildFile section */
		6A17C4041EFD5AD30047CBA5 /* AppDelegate.swift in Sources */ = {isa = PBXBuildFile; fileRef = 6A17C4031EFD5AD30047CBA5 /* AppDelegate.swift */; };
		6A17C4061EFD5AD30047CBA5 /* ViewController.swift in Sources */ = {isa = PBXBuildFile; fileRef = 6A17C4051EFD5AD30047CBA5 /* ViewController.swift */; };
		6A17C4091EFD5AD30047CBA5 /* Main.storyboard in Resources */ = {isa = PBXBuildFile; fileRef = 6A17C4071EFD5AD30047CBA5 /* Main.storyboard */; };
		6A17C40E1EFD5AD30047CBA5 /* LaunchScreen.storyboard in Resources */ = {isa = PBXBuildFile; fileRef = 6A17C40C1EFD5AD30047CBA5 /* LaunchScreen.storyboard */; };
		6A17C4191EFD5B580047CBA5 /* TodayViewController.swift in Sources */ = {isa = PBXBuildFile; fileRef = 6A17C4181EFD5B580047CBA5 /* TodayViewController.swift */; };
		6A17C41B1EFD5C370047CBA5 /* StoryViewController.swift in Sources */ = {isa = PBXBuildFile; fileRef = 6A17C41A1EFD5C370047CBA5 /* StoryViewController.swift */; };
		6A17C41D1EFD60C00047CBA5 /* StoryViewAnimationController.swift in Sources */ = {isa = PBXBuildFile; fileRef = 6A17C41C1EFD60C00047CBA5 /* StoryViewAnimationController.swift */; };
		6A17C41F1EFD610D0047CBA5 /* DismissStoryViewAnimationController.swift in Sources */ = {isa = PBXBuildFile; fileRef = 6A17C41E1EFD610D0047CBA5 /* DismissStoryViewAnimationController.swift */; };
		6A17C4211EFD62150047CBA5 /* TodayViewCollectionView.swift in Sources */ = {isa = PBXBuildFile; fileRef = 6A17C4201EFD62150047CBA5 /* TodayViewCollectionView.swift */; };
		6A17C4261EFD7F580047CBA5 /* TodaySectionHeader.swift in Sources */ = {isa = PBXBuildFile; fileRef = 6A17C4241EFD7F580047CBA5 /* TodaySectionHeader.swift */; };
		6A17C4271EFD7F580047CBA5 /* TodaySectionHeader.xib in Resources */ = {isa = PBXBuildFile; fileRef = 6A17C4251EFD7F580047CBA5 /* TodaySectionHeader.xib */; };
		6A17C4291EFD7FA40047CBA5 /* BaseRoundedCardCell.swift in Sources */ = {isa = PBXBuildFile; fileRef = 6A17C4281EFD7FA40047CBA5 /* BaseRoundedCardCell.swift */; };
		6A17C42E1EFD80490047CBA5 /* UtahCollectionViewCell.swift in Sources */ = {isa = PBXBuildFile; fileRef = 6A17C42C1EFD80490047CBA5 /* UtahCollectionViewCell.swift */; };
		6A17C42F1EFD80490047CBA5 /* UtahCollectionViewCell.xib in Resources */ = {isa = PBXBuildFile; fileRef = 6A17C42D1EFD80490047CBA5 /* UtahCollectionViewCell.xib */; };
		6A17C4321EFD807B0047CBA5 /* GoldenStateCollectionViewCell.swift in Sources */ = {isa = PBXBuildFile; fileRef = 6A17C4301EFD807B0047CBA5 /* GoldenStateCollectionViewCell.swift */; };
		6A17C4331EFD807B0047CBA5 /* GoldenStateCollectionViewCell.xib in Resources */ = {isa = PBXBuildFile; fileRef = 6A17C4311EFD807B0047CBA5 /* GoldenStateCollectionViewCell.xib */; };
		6A17C4361EFDADA20047CBA5 /* TorontoCollectionViewCell.swift in Sources */ = {isa = PBXBuildFile; fileRef = 6A17C4341EFDADA20047CBA5 /* TorontoCollectionViewCell.swift */; };
		6A17C4371EFDADA20047CBA5 /* TorontoCollectionViewCell.xib in Resources */ = {isa = PBXBuildFile; fileRef = 6A17C4351EFDADA20047CBA5 /* TorontoCollectionViewCell.xib */; };
		6A17C43C1EFDAE1B0047CBA5 /* MemphisCollectionViewCell.swift in Sources */ = {isa = PBXBuildFile; fileRef = 6A17C43A1EFDAE1B0047CBA5 /* MemphisCollectionViewCell.swift */; };
		6A17C43D1EFDAE1B0047CBA5 /* MemphisCollectionViewCell.xib in Resources */ = {isa = PBXBuildFile; fileRef = 6A17C43B1EFDAE1B0047CBA5 /* MemphisCollectionViewCell.xib */; };
		6A17C4401EFDBEA20047CBA5 /* ChicagoCollectionViewCell.swift in Sources */ = {isa = PBXBuildFile; fileRef = 6A17C43E1EFDBEA20047CBA5 /* ChicagoCollectionViewCell.swift */; };
		6A17C4411EFDBEA20047CBA5 /* ChicagoCollectionViewCell.xib in Resources */ = {isa = PBXBuildFile; fileRef = 6A17C43F1EFDBEA20047CBA5 /* ChicagoCollectionViewCell.xib */; };
		6A85FB451F00271F001D3ECE /* Reusable.swift in Sources */ = {isa = PBXBuildFile; fileRef = 6A85FB441F00271F001D3ECE /* Reusable.swift */; };
		6A85FB471F00276F001D3ECE /* Constraints.swift in Sources */ = {isa = PBXBuildFile; fileRef = 6A85FB461F00276F001D3ECE /* Constraints.swift */; };
		6A85FB491F002792001D3ECE /* BaseView.swift in Sources */ = {isa = PBXBuildFile; fileRef = 6A85FB481F002792001D3ECE /* BaseView.swift */; };
		6A85FB4F1F004921001D3ECE /* Assets.xcassets in Resources */ = {isa = PBXBuildFile; fileRef = 6A85FB4E1F004921001D3ECE /* Assets.xcassets */; };
/* End PBXBuildFile section */

/* Begin PBXFileReference section */
		6A17C4001EFD5AD30047CBA5 /* Collection-View-AppStore.app */ = {isa = PBXFileReference; explicitFileType = wrapper.application; includeInIndex = 0; path = "Collection-View-AppStore.app"; sourceTree = BUILT_PRODUCTS_DIR; };
		6A17C4031EFD5AD30047CBA5 /* AppDelegate.swift */ = {isa = PBXFileReference; lastKnownFileType = sourcecode.swift; path = AppDelegate.swift; sourceTree = "<group>"; };
		6A17C4051EFD5AD30047CBA5 /* ViewController.swift */ = {isa = PBXFileReference; lastKnownFileType = sourcecode.swift; path = ViewController.swift; sourceTree = "<group>"; };
		6A17C4081EFD5AD30047CBA5 /* Base */ = {isa = PBXFileReference; lastKnownFileType = file.storyboard; name = Base; path = Base.lproj/Main.storyboard; sourceTree = "<group>"; };
		6A17C40D1EFD5AD30047CBA5 /* Base */ = {isa = PBXFileReference; lastKnownFileType = file.storyboard; name = Base; path = Base.lproj/LaunchScreen.storyboard; sourceTree = "<group>"; };
		6A17C40F1EFD5AD30047CBA5 /* Info.plist */ = {isa = PBXFileReference; lastKnownFileType = text.plist.xml; path = Info.plist; sourceTree = "<group>"; };
		6A17C4181EFD5B580047CBA5 /* TodayViewController.swift */ = {isa = PBXFileReference; fileEncoding = 4; lastKnownFileType = sourcecode.swift; path = TodayViewController.swift; sourceTree = "<group>"; };
		6A17C41A1EFD5C370047CBA5 /* StoryViewController.swift */ = {isa = PBXFileReference; fileEncoding = 4; lastKnownFileType = sourcecode.swift; path = StoryViewController.swift; sourceTree = "<group>"; };
		6A17C41C1EFD60C00047CBA5 /* StoryViewAnimationController.swift */ = {isa = PBXFileReference; fileEncoding = 4; lastKnownFileType = sourcecode.swift; path = StoryViewAnimationController.swift; sourceTree = "<group>"; };
		6A17C41E1EFD610D0047CBA5 /* DismissStoryViewAnimationController.swift */ = {isa = PBXFileReference; fileEncoding = 4; lastKnownFileType = sourcecode.swift; path = DismissStoryViewAnimationController.swift; sourceTree = "<group>"; };
		6A17C4201EFD62150047CBA5 /* TodayViewCollectionView.swift */ = {isa = PBXFileReference; fileEncoding = 4; lastKnownFileType = sourcecode.swift; path = TodayViewCollectionView.swift; sourceTree = "<group>"; };
		6A17C4241EFD7F580047CBA5 /* TodaySectionHeader.swift */ = {isa = PBXFileReference; fileEncoding = 4; lastKnownFileType = sourcecode.swift; path = TodaySectionHeader.swift; sourceTree = "<group>"; };
		6A17C4251EFD7F580047CBA5 /* TodaySectionHeader.xib */ = {isa = PBXFileReference; fileEncoding = 4; lastKnownFileType = file.xib; path = TodaySectionHeader.xib; sourceTree = "<group>"; };
		6A17C4281EFD7FA40047CBA5 /* BaseRoundedCardCell.swift */ = {isa = PBXFileReference; fileEncoding = 4; lastKnownFileType = sourcecode.swift; path = BaseRoundedCardCell.swift; sourceTree = "<group>"; };
		6A17C42C1EFD80490047CBA5 /* UtahCollectionViewCell.swift */ = {isa = PBXFileReference; fileEncoding = 4; lastKnownFileType = sourcecode.swift; path = UtahCollectionViewCell.swift; sourceTree = "<group>"; };
		6A17C42D1EFD80490047CBA5 /* UtahCollectionViewCell.xib */ = {isa = PBXFileReference; fileEncoding = 4; lastKnownFileType = file.xib; path = UtahCollectionViewCell.xib; sourceTree = "<group>"; };
		6A17C4301EFD807B0047CBA5 /* GoldenStateCollectionViewCell.swift */ = {isa = PBXFileReference; fileEncoding = 4; lastKnownFileType = sourcecode.swift; path = GoldenStateCollectionViewCell.swift; sourceTree = "<group>"; };
		6A17C4311EFD807B0047CBA5 /* GoldenStateCollectionViewCell.xib */ = {isa = PBXFileReference; fileEncoding = 4; lastKnownFileType = file.xib; path = GoldenStateCollectionViewCell.xib; sourceTree = "<group>"; };
		6A17C4341EFDADA20047CBA5 /* TorontoCollectionViewCell.swift */ = {isa = PBXFileReference; fileEncoding = 4; lastKnownFileType = sourcecode.swift; path = TorontoCollectionViewCell.swift; sourceTree = "<group>"; };
		6A17C4351EFDADA20047CBA5 /* TorontoCollectionViewCell.xib */ = {isa = PBXFileReference; fileEncoding = 4; lastKnownFileType = file.xib; path = TorontoCollectionViewCell.xib; sourceTree = "<group>"; };
		6A17C43A1EFDAE1B0047CBA5 /* MemphisCollectionViewCell.swift */ = {isa = PBXFileReference; fileEncoding = 4; lastKnownFileType = sourcecode.swift; path = MemphisCollectionViewCell.swift; sourceTree = "<group>"; };
		6A17C43B1EFDAE1B0047CBA5 /* MemphisCollectionViewCell.xib */ = {isa = PBXFileReference; fileEncoding = 4; lastKnownFileType = file.xib; path = MemphisCollectionViewCell.xib; sourceTree = "<group>"; };
		6A17C43E1EFDBEA20047CBA5 /* ChicagoCollectionViewCell.swift */ = {isa = PBXFileReference; fileEncoding = 4; lastKnownFileType = sourcecode.swift; path = ChicagoCollectionViewCell.swift; sourceTree = "<group>"; };
		6A17C43F1EFDBEA20047CBA5 /* ChicagoCollectionViewCell.xib */ = {isa = PBXFileReference; fileEncoding = 4; lastKnownFileType = file.xib; path = ChicagoCollectionViewCell.xib; sourceTree = "<group>"; };
		6A85FB441F00271F001D3ECE /* Reusable.swift */ = {isa = PBXFileReference; fileEncoding = 4; lastKnownFileType = sourcecode.swift; path = Reusable.swift; sourceTree = "<group>"; };
		6A85FB461F00276F001D3ECE /* Constraints.swift */ = {isa = PBXFileReference; fileEncoding = 4; lastKnownFileType = sourcecode.swift; path = Constraints.swift; sourceTree = "<group>"; };
		6A85FB481F002792001D3ECE /* BaseView.swift */ = {isa = PBXFileReference; fileEncoding = 4; lastKnownFileType = sourcecode.swift; path = BaseView.swift; sourceTree = "<group>"; };
		6A85FB4E1F004921001D3ECE /* Assets.xcassets */ = {isa = PBXFileReference; lastKnownFileType = folder.assetcatalog; path = Assets.xcassets; sourceTree = "<group>"; };
/* End PBXFileReference section */

/* Begin PBXFrameworksBuildPhase section */
		6A17C3FD1EFD5AD30047CBA5 /* Frameworks */ = {
			isa = PBXFrameworksBuildPhase;
			buildActionMask = 2147483647;
			files = (
			);
			runOnlyForDeploymentPostprocessing = 0;
		};
/* End PBXFrameworksBuildPhase section */

/* Begin PBXGroup section */
		6A17C3F71EFD5AD30047CBA5 = {
			isa = PBXGroup;
			children = (
				6A17C4021EFD5AD30047CBA5 /* Collection-View-AppStore */,
				6A17C4011EFD5AD30047CBA5 /* Products */,
			);
			sourceTree = "<group>";
		};
		6A17C4011EFD5AD30047CBA5 /* Products */ = {
			isa = PBXGroup;
			children = (
				6A17C4001EFD5AD30047CBA5 /* Collection-View-AppStore.app */,
			);
			name = Products;
			sourceTree = "<group>";
		};
		6A17C4021EFD5AD30047CBA5 /* Collection-View-AppStore */ = {
			isa = PBXGroup;
			children = (
				6A17C4171EFD5B1A0047CBA5 /* Model */,
				6A17C4161EFD5B120047CBA5 /* View */,
				6A17C4151EFD5AFD0047CBA5 /* Controller */,
				6A85FB4E1F004921001D3ECE /* Assets.xcassets */,
				6A17C40C1EFD5AD30047CBA5 /* LaunchScreen.storyboard */,
				6A17C40F1EFD5AD30047CBA5 /* Info.plist */,
			);
			path = "Collection-View-AppStore";
			sourceTree = "<group>";
		};
		6A17C4151EFD5AFD0047CBA5 /* Controller */ = {
			isa = PBXGroup;
			children = (
				6A17C4051EFD5AD30047CBA5 /* ViewController.swift */,
				6A17C4181EFD5B580047CBA5 /* TodayViewController.swift */,
				6A17C41A1EFD5C370047CBA5 /* StoryViewController.swift */,
				6A17C41C1EFD60C00047CBA5 /* StoryViewAnimationController.swift */,
				6A17C41E1EFD610D0047CBA5 /* DismissStoryViewAnimationController.swift */,
			);
			name = Controller;
			sourceTree = "<group>";
		};
		6A17C4161EFD5B120047CBA5 /* View */ = {
			isa = PBXGroup;
			children = (
				6A85FB481F002792001D3ECE /* BaseView.swift */,
				6A17C4201EFD62150047CBA5 /* TodayViewCollectionView.swift */,
				6A17C4241EFD7F580047CBA5 /* TodaySectionHeader.swift */,
				6A17C4251EFD7F580047CBA5 /* TodaySectionHeader.xib */,
				6A17C43E1EFDBEA20047CBA5 /* ChicagoCollectionViewCell.swift */,
				6A17C43F1EFDBEA20047CBA5 /* ChicagoCollectionViewCell.xib */,
				6A17C4301EFD807B0047CBA5 /* GoldenStateCollectionViewCell.swift */,
				6A17C4311EFD807B0047CBA5 /* GoldenStateCollectionViewCell.xib */,
				6A17C43A1EFDAE1B0047CBA5 /* MemphisCollectionViewCell.swift */,
				6A17C43B1EFDAE1B0047CBA5 /* MemphisCollectionViewCell.xib */,
				6A17C4341EFDADA20047CBA5 /* TorontoCollectionViewCell.swift */,
				6A17C4351EFDADA20047CBA5 /* TorontoCollectionViewCell.xib */,
				6A17C42C1EFD80490047CBA5 /* UtahCollectionViewCell.swift */,
				6A17C42D1EFD80490047CBA5 /* UtahCollectionViewCell.xib */,
			);
			name = View;
			sourceTree = "<group>";
		};
		6A17C4171EFD5B1A0047CBA5 /* Model */ = {
			isa = PBXGroup;
			children = (
				6A17C4281EFD7FA40047CBA5 /* BaseRoundedCardCell.swift */,
				6A85FB441F00271F001D3ECE /* Reusable.swift */,
				6A85FB461F00276F001D3ECE /* Constraints.swift */,
				6A17C4031EFD5AD30047CBA5 /* AppDelegate.swift */,
				6A17C4071EFD5AD30047CBA5 /* Main.storyboard */,
			);
			name = Model;
			sourceTree = "<group>";
		};
/* End PBXGroup section */

/* Begin PBXNativeTarget section */
		6A17C3FF1EFD5AD30047CBA5 /* Collection-View-AppStore */ = {
			isa = PBXNativeTarget;
			buildConfigurationList = 6A17C4121EFD5AD30047CBA5 /* Build configuration list for PBXNativeTarget "Collection-View-AppStore" */;
			buildPhases = (
				6A17C3FC1EFD5AD30047CBA5 /* Sources */,
				6A17C3FD1EFD5AD30047CBA5 /* Frameworks */,
				6A17C3FE1EFD5AD30047CBA5 /* Resources */,
			);
			buildRules = (
			);
			dependencies = (
			);
			name = "Collection-View-AppStore";
			productName = "Collection-View-AppStore";
			productReference = 6A17C4001EFD5AD30047CBA5 /* Collection-View-AppStore.app */;
			productType = "com.apple.product-type.application";
		};
/* End PBXNativeTarget section */

/* Begin PBXProject section */
		6A17C3F81EFD5AD30047CBA5 /* Project object */ = {
			isa = PBXProject;
			attributes = {
				LastSwiftUpdateCheck = 0830;
				LastUpgradeCheck = 0830;
				ORGANIZATIONNAME = "C McGhee";
				TargetAttributes = {
					6A17C3FF1EFD5AD30047CBA5 = {
						CreatedOnToolsVersion = 8.3.2;
						DevelopmentTeam = 48HD6AZC2E;
						ProvisioningStyle = Automatic;
					};
				};
			};
			buildConfigurationList = 6A17C3FB1EFD5AD30047CBA5 /* Build configuration list for PBXProject "Collection-View-AppStore" */;
			compatibilityVersion = "Xcode 3.2";
			developmentRegion = English;
			hasScannedForEncodings = 0;
			knownRegions = (
				en,
				Base,
			);
			mainGroup = 6A17C3F71EFD5AD30047CBA5;
			productRefGroup = 6A17C4011EFD5AD30047CBA5 /* Products */;
			projectDirPath = "";
			projectRoot = "";
			targets = (
				6A17C3FF1EFD5AD30047CBA5 /* Collection-View-AppStore */,
			);
		};
/* End PBXProject section */

/* Begin PBXResourcesBuildPhase section */
		6A17C3FE1EFD5AD30047CBA5 /* Resources */ = {
			isa = PBXResourcesBuildPhase;
			buildActionMask = 2147483647;
			files = (
				6A17C4411EFDBEA20047CBA5 /* ChicagoCollectionViewCell.xib in Resources */,
				6A17C43D1EFDAE1B0047CBA5 /* MemphisCollectionViewCell.xib in Resources */,
				6A17C40E1EFD5AD30047CBA5 /* LaunchScreen.storyboard in Resources */,
				6A17C4331EFD807B0047CBA5 /* GoldenStateCollectionViewCell.xib in Resources */,
				6A17C42F1EFD80490047CBA5 /* UtahCollectionViewCell.xib in Resources */,
				6A17C4271EFD7F580047CBA5 /* TodaySectionHeader.xib in Resources */,
				6A17C4091EFD5AD30047CBA5 /* Main.storyboard in Resources */,
				6A85FB4F1F004921001D3ECE /* Assets.xcassets in Resources */,
				6A17C4371EFDADA20047CBA5 /* TorontoCollectionViewCell.xib in Resources */,
			);
			runOnlyForDeploymentPostprocessing = 0;
		};
/* End PBXResourcesBuildPhase section */

/* Begin PBXSourcesBuildPhase section */
		6A17C3FC1EFD5AD30047CBA5 /* Sources */ = {
			isa = PBXSourcesBuildPhase;
			buildActionMask = 2147483647;
			files = (
				6A17C41B1EFD5C370047CBA5 /* StoryViewController.swift in Sources */,
				6A17C4061EFD5AD30047CBA5 /* ViewController.swift in Sources */,
				6A17C43C1EFDAE1B0047CBA5 /* MemphisCollectionViewCell.swift in Sources */,
				6A85FB491F002792001D3ECE /* BaseView.swift in Sources */,
				6A17C4401EFDBEA20047CBA5 /* ChicagoCollectionViewCell.swift in Sources */,
				6A85FB471F00276F001D3ECE /* Constraints.swift in Sources */,
				6A17C4261EFD7F580047CBA5 /* TodaySectionHeader.swift in Sources */,
				6A17C41F1EFD610D0047CBA5 /* DismissStoryViewAnimationController.swift in Sources */,
				6A17C4041EFD5AD30047CBA5 /* AppDelegate.swift in Sources */,
				6A17C4211EFD62150047CBA5 /* TodayViewCollectionView.swift in Sources */,
				6A17C42E1EFD80490047CBA5 /* UtahCollectionViewCell.swift in Sources */,
				6A85FB451F00271F001D3ECE /* Reusable.swift in Sources */,
				6A17C4321EFD807B0047CBA5 /* GoldenStateCollectionViewCell.swift in Sources */,
				6A17C41D1EFD60C00047CBA5 /* StoryViewAnimationController.swift in Sources */,
				6A17C4191EFD5B580047CBA5 /* TodayViewController.swift in Sources */,
				6A17C4361EFDADA20047CBA5 /* TorontoCollectionViewCell.swift in Sources */,
				6A17C4291EFD7FA40047CBA5 /* BaseRoundedCardCell.swift in Sources */,
			);
			runOnlyForDeploymentPostprocessing = 0;
		};
/* End PBXSourcesBuildPhase section */

/* Begin PBXVariantGroup section */
		6A17C4071EFD5AD30047CBA5 /* Main.storyboard */ = {
			isa = PBXVariantGroup;
			children = (
				6A17C4081EFD5AD30047CBA5 /* Base */,
			);
			name = Main.storyboard;
			sourceTree = "<group>";
		};
		6A17C40C1EFD5AD30047CBA5 /* LaunchScreen.storyboard */ = {
			isa = PBXVariantGroup;
			children = (
				6A17C40D1EFD5AD30047CBA5 /* Base */,
			);
			name = LaunchScreen.storyboard;
			sourceTree = "<group>";
		};
/* End PBXVariantGroup section */

/* Begin XCBuildConfiguration section */
		6A17C4101EFD5AD30047CBA5 /* Debug */ = {
			isa = XCBuildConfiguration;
			buildSettings = {
				ALWAYS_SEARCH_USER_PATHS = NO;
				CLANG_ANALYZER_NONNULL = YES;
				CLANG_ANALYZER_NUMBER_OBJECT_CONVERSION = YES_AGGRESSIVE;
				CLANG_CXX_LANGUAGE_STANDARD = "gnu++0x";
				CLANG_CXX_LIBRARY = "libc++";
				CLANG_ENABLE_MODULES = YES;
				CLANG_ENABLE_OBJC_ARC = YES;
				CLANG_WARN_BOOL_CONVERSION = YES;
				CLANG_WARN_CONSTANT_CONVERSION = YES;
				CLANG_WARN_DIRECT_OBJC_ISA_USAGE = YES_ERROR;
				CLANG_WARN_DOCUMENTATION_COMMENTS = YES;
				CLANG_WARN_EMPTY_BODY = YES;
				CLANG_WARN_ENUM_CONVERSION = YES;
				CLANG_WARN_INFINITE_RECURSION = YES;
				CLANG_WARN_INT_CONVERSION = YES;
				CLANG_WARN_OBJC_ROOT_CLASS = YES_ERROR;
				CLANG_WARN_SUSPICIOUS_MOVE = YES;
				CLANG_WARN_UNREACHABLE_CODE = YES;
				CLANG_WARN__DUPLICATE_METHOD_MATCH = YES;
				"CODE_SIGN_IDENTITY[sdk=iphoneos*]" = "iPhone Developer";
				COPY_PHASE_STRIP = NO;
				DEBUG_INFORMATION_FORMAT = dwarf;
				ENABLE_STRICT_OBJC_MSGSEND = YES;
				ENABLE_TESTABILITY = YES;
				GCC_C_LANGUAGE_STANDARD = gnu99;
				GCC_DYNAMIC_NO_PIC = NO;
				GCC_NO_COMMON_BLOCKS = YES;
				GCC_OPTIMIZATION_LEVEL = 0;
				GCC_PREPROCESSOR_DEFINITIONS = (
					"DEBUG=1",
					"$(inherited)",
				);
				GCC_WARN_64_TO_32_BIT_CONVERSION = YES;
				GCC_WARN_ABOUT_RETURN_TYPE = YES_ERROR;
				GCC_WARN_UNDECLARED_SELECTOR = YES;
				GCC_WARN_UNINITIALIZED_AUTOS = YES_AGGRESSIVE;
				GCC_WARN_UNUSED_FUNCTION = YES;
				GCC_WARN_UNUSED_VARIABLE = YES;
				IPHONEOS_DEPLOYMENT_TARGET = 10.3;
				MTL_ENABLE_DEBUG_INFO = YES;
				ONLY_ACTIVE_ARCH = YES;
				SDKROOT = iphoneos;
				SWIFT_ACTIVE_COMPILATION_CONDITIONS = DEBUG;
				SWIFT_OPTIMIZATION_LEVEL = "-Onone";
				TARGETED_DEVICE_FAMILY = "1,2";
			};
			name = Debug;
		};
		6A17C4111EFD5AD30047CBA5 /* Release */ = {
			isa = XCBuildConfiguration;
			buildSettings = {
				ALWAYS_SEARCH_USER_PATHS = NO;
				CLANG_ANALYZER_NONNULL = YES;
				CLANG_ANALYZER_NUMBER_OBJECT_CONVERSION = YES_AGGRESSIVE;
				CLANG_CXX_LANGUAGE_STANDARD = "gnu++0x";
				CLANG_CXX_LIBRARY = "libc++";
				CLANG_ENABLE_MODULES = YES;
				CLANG_ENABLE_OBJC_ARC = YES;
				CLANG_WARN_BOOL_CONVERSION = YES;
				CLANG_WARN_CONSTANT_CONVERSION = YES;
				CLANG_WARN_DIRECT_OBJC_ISA_USAGE = YES_ERROR;
				CLANG_WARN_DOCUMENTATION_COMMENTS = YES;
				CLANG_WARN_EMPTY_BODY = YES;
				CLANG_WARN_ENUM_CONVERSION = YES;
				CLANG_WARN_INFINITE_RECURSION = YES;
				CLANG_WARN_INT_CONVERSION = YES;
				CLANG_WARN_OBJC_ROOT_CLASS = YES_ERROR;
				CLANG_WARN_SUSPICIOUS_MOVE = YES;
				CLANG_WARN_UNREACHABLE_CODE = YES;
				CLANG_WARN__DUPLICATE_METHOD_MATCH = YES;
				"CODE_SIGN_IDENTITY[sdk=iphoneos*]" = "iPhone Developer";
				COPY_PHASE_STRIP = NO;
				DEBUG_INFORMATION_FORMAT = "dwarf-with-dsym";
				ENABLE_NS_ASSERTIONS = NO;
				ENABLE_STRICT_OBJC_MSGSEND = YES;
				GCC_C_LANGUAGE_STANDARD = gnu99;
				GCC_NO_COMMON_BLOCKS = YES;
				GCC_WARN_64_TO_32_BIT_CONVERSION = YES;
				GCC_WARN_ABOUT_RETURN_TYPE = YES_ERROR;
				GCC_WARN_UNDECLARED_SELECTOR = YES;
				GCC_WARN_UNINITIALIZED_AUTOS = YES_AGGRESSIVE;
				GCC_WARN_UNUSED_FUNCTION = YES;
				GCC_WARN_UNUSED_VARIABLE = YES;
				IPHONEOS_DEPLOYMENT_TARGET = 10.3;
				MTL_ENABLE_DEBUG_INFO = NO;
				SDKROOT = iphoneos;
				SWIFT_OPTIMIZATION_LEVEL = "-Owholemodule";
				TARGETED_DEVICE_FAMILY = "1,2";
				VALIDATE_PRODUCT = YES;
			};
			name = Release;
		};
		6A17C4131EFD5AD30047CBA5 /* Debug */ = {
			isa = XCBuildConfiguration;
			buildSettings = {
				ASSETCATALOG_COMPILER_APPICON_NAME = AppIcon;
				DEVELOPMENT_TEAM = 48HD6AZC2E;
				INFOPLIST_FILE = "Collection-View-AppStore/Info.plist";
				LD_RUNPATH_SEARCH_PATHS = "$(inherited) @executable_path/Frameworks";
				PRODUCT_BUNDLE_IDENTIFIER = "com.cmcgheit.Collection-View-AppStore";
				PRODUCT_NAME = "$(TARGET_NAME)";
				SWIFT_VERSION = 3.0;
			};
			name = Debug;
		};
		6A17C4141EFD5AD30047CBA5 /* Release */ = {
			isa = XCBuildConfiguration;
			buildSettings = {
				ASSETCATALOG_COMPILER_APPICON_NAME = AppIcon;
				DEVELOPMENT_TEAM = 48HD6AZC2E;
				INFOPLIST_FILE = "Collection-View-AppStore/Info.plist";
				LD_RUNPATH_SEARCH_PATHS = "$(inherited) @executable_path/Frameworks";
				PRODUCT_BUNDLE_IDENTIFIER = "com.cmcgheit.Collection-View-AppStore";
				PRODUCT_NAME = "$(TARGET_NAME)";
				SWIFT_VERSION = 3.0;
			};
			name = Release;
		};
/* End XCBuildConfiguration section */

/* Begin XCConfigurationList section */
		6A17C3FB1EFD5AD30047CBA5 /* Build configuration list for PBXProject "Collection-View-AppStore" */ = {
			isa = XCConfigurationList;
			buildConfigurations = (
				6A17C4101EFD5AD30047CBA5 /* Debug */,
				6A17C4111EFD5AD30047CBA5 /* Release */,
			);
			defaultConfigurationIsVisible = 0;
			defaultConfigurationName = Release;
		};
		6A17C4121EFD5AD30047CBA5 /* Build configuration list for PBXNativeTarget "Collection-View-AppStore" */ = {
			isa = XCConfigurationList;
			buildConfigurations = (
				6A17C4131EFD5AD30047CBA5 /* Debug */,
				6A17C4141EFD5AD30047CBA5 /* Release */,
			);
			defaultConfigurationIsVisible = 0;
			defaultConfigurationName = Release;
		};
/* End XCConfigurationList section */
	};
	rootObject = 6A17C3F81EFD5AD30047CBA5 /* Project object */;
}
