// !$*UTF8*$!
{
	archiveVersion = 1;
	classes = {
	};
	objectVersion = 46;
	objects = {

/* Begin PBXBuildFile section */
		11749A831858E7855472495C /* Pods_Collection_View_AppStore.framework in Frameworks */ = {isa = PBXBuildFile; fileRef = FDC880C381E53C40DA6698B4 /* Pods_Collection_View_AppStore.framework */; };
		6A1367991F8D657F00FC16F8 /* GoogleService-Info.plist in Resources */ = {isa = PBXBuildFile; fileRef = 6A1367981F8D657F00FC16F8 /* GoogleService-Info.plist */; };
		6A13679B1F8D691B00FC16F8 /* Constants.swift in Sources */ = {isa = PBXBuildFile; fileRef = 6A13679A1F8D691B00FC16F8 /* Constants.swift */; };
		6A13679D1F8D7DB500FC16F8 /* Wallpaper.swift in Sources */ = {isa = PBXBuildFile; fileRef = 6A13679C1F8D7DB500FC16F8 /* Wallpaper.swift */; };
		6A13679F1F8D847000FC16F8 /* LoginViewController.swift in Sources */ = {isa = PBXBuildFile; fileRef = 6A13679E1F8D847000FC16F8 /* LoginViewController.swift */; };
		6A17C4041EFD5AD30047CBA5 /* AppDelegate.swift in Sources */ = {isa = PBXBuildFile; fileRef = 6A17C4031EFD5AD30047CBA5 /* AppDelegate.swift */; };
		6A17C4091EFD5AD30047CBA5 /* Main.storyboard in Resources */ = {isa = PBXBuildFile; fileRef = 6A17C4071EFD5AD30047CBA5 /* Main.storyboard */; };
		6A17C40E1EFD5AD30047CBA5 /* LaunchScreen.storyboard in Resources */ = {isa = PBXBuildFile; fileRef = 6A17C40C1EFD5AD30047CBA5 /* LaunchScreen.storyboard */; };
		6A17C4191EFD5B580047CBA5 /* FeedViewController.swift in Sources */ = {isa = PBXBuildFile; fileRef = 6A17C4181EFD5B580047CBA5 /* FeedViewController.swift */; };
		6A17C4401EFDBEA20047CBA5 /* WallpaperRoundedCardCell.swift in Sources */ = {isa = PBXBuildFile; fileRef = 6A17C43E1EFDBEA20047CBA5 /* WallpaperRoundedCardCell.swift */; };
		6A17C4411EFDBEA20047CBA5 /* WallpaperRoundedCardCell.xib in Resources */ = {isa = PBXBuildFile; fileRef = 6A17C43F1EFDBEA20047CBA5 /* WallpaperRoundedCardCell.xib */; };
		6A85FB4F1F004921001D3ECE /* Assets.xcassets in Resources */ = {isa = PBXBuildFile; fileRef = 6A85FB4E1F004921001D3ECE /* Assets.xcassets */; };
		6AB3DA581FB2598400E06B97 /* UploadWallpaperPopUp.swift in Sources */ = {isa = PBXBuildFile; fileRef = 6AB3DA561FB2598400E06B97 /* UploadWallpaperPopUp.swift */; };
		6AB3DA591FB2598400E06B97 /* UploadWallpaperPopUp.xib in Resources */ = {isa = PBXBuildFile; fileRef = 6AB3DA571FB2598400E06B97 /* UploadWallpaperPopUp.xib */; };
		6AC4A3A61FAA2E3600845B59 /* PopUpView.swift in Sources */ = {isa = PBXBuildFile; fileRef = 6AC4A3A41FAA2E3600845B59 /* PopUpView.swift */; };
		6AC4A3A71FAA2E3600845B59 /* PopUpView.xib in Resources */ = {isa = PBXBuildFile; fileRef = 6AC4A3A51FAA2E3600845B59 /* PopUpView.xib */; };
/* End PBXBuildFile section */

/* Begin PBXFileReference section */
		6A1367981F8D657F00FC16F8 /* GoogleService-Info.plist */ = {isa = PBXFileReference; fileEncoding = 4; lastKnownFileType = text.plist.xml; path = "GoogleService-Info.plist"; sourceTree = "<group>"; };
		6A13679A1F8D691B00FC16F8 /* Constants.swift */ = {isa = PBXFileReference; fileEncoding = 4; lastKnownFileType = sourcecode.swift; path = Constants.swift; sourceTree = "<group>"; };
		6A13679C1F8D7DB500FC16F8 /* Wallpaper.swift */ = {isa = PBXFileReference; fileEncoding = 4; lastKnownFileType = sourcecode.swift; path = Wallpaper.swift; sourceTree = "<group>"; };
		6A13679E1F8D847000FC16F8 /* LoginViewController.swift */ = {isa = PBXFileReference; fileEncoding = 4; lastKnownFileType = sourcecode.swift; path = LoginViewController.swift; sourceTree = "<group>"; };
		6A17C4001EFD5AD30047CBA5 /* Collection-View-AppStore.app */ = {isa = PBXFileReference; explicitFileType = wrapper.application; includeInIndex = 0; path = "Collection-View-AppStore.app"; sourceTree = BUILT_PRODUCTS_DIR; };
		6A17C4031EFD5AD30047CBA5 /* AppDelegate.swift */ = {isa = PBXFileReference; lastKnownFileType = sourcecode.swift; path = AppDelegate.swift; sourceTree = "<group>"; };
		6A17C4081EFD5AD30047CBA5 /* Base */ = {isa = PBXFileReference; lastKnownFileType = file.storyboard; name = Base; path = Base.lproj/Main.storyboard; sourceTree = "<group>"; };
		6A17C40D1EFD5AD30047CBA5 /* Base */ = {isa = PBXFileReference; lastKnownFileType = file.storyboard; name = Base; path = Base.lproj/LaunchScreen.storyboard; sourceTree = "<group>"; };
		6A17C40F1EFD5AD30047CBA5 /* Info.plist */ = {isa = PBXFileReference; lastKnownFileType = text.plist.xml; path = Info.plist; sourceTree = "<group>"; };
		6A17C4181EFD5B580047CBA5 /* FeedViewController.swift */ = {isa = PBXFileReference; fileEncoding = 4; lastKnownFileType = sourcecode.swift; path = FeedViewController.swift; sourceTree = "<group>"; };
		6A17C43E1EFDBEA20047CBA5 /* WallpaperRoundedCardCell.swift */ = {isa = PBXFileReference; fileEncoding = 4; lastKnownFileType = sourcecode.swift; path = WallpaperRoundedCardCell.swift; sourceTree = "<group>"; };
		6A17C43F1EFDBEA20047CBA5 /* WallpaperRoundedCardCell.xib */ = {isa = PBXFileReference; fileEncoding = 4; lastKnownFileType = file.xib; path = WallpaperRoundedCardCell.xib; sourceTree = "<group>"; };
		6A85FB4E1F004921001D3ECE /* Assets.xcassets */ = {isa = PBXFileReference; lastKnownFileType = folder.assetcatalog; path = Assets.xcassets; sourceTree = "<group>"; };
		6AB3DA561FB2598400E06B97 /* UploadWallpaperPopUp.swift */ = {isa = PBXFileReference; fileEncoding = 4; lastKnownFileType = sourcecode.swift; path = UploadWallpaperPopUp.swift; sourceTree = "<group>"; };
		6AB3DA571FB2598400E06B97 /* UploadWallpaperPopUp.xib */ = {isa = PBXFileReference; fileEncoding = 4; lastKnownFileType = file.xib; path = UploadWallpaperPopUp.xib; sourceTree = "<group>"; };
		6AC4A3A41FAA2E3600845B59 /* PopUpView.swift */ = {isa = PBXFileReference; fileEncoding = 4; lastKnownFileType = sourcecode.swift; path = PopUpView.swift; sourceTree = "<group>"; };
		6AC4A3A51FAA2E3600845B59 /* PopUpView.xib */ = {isa = PBXFileReference; fileEncoding = 4; lastKnownFileType = file.xib; path = PopUpView.xib; sourceTree = "<group>"; };
		880230C4F0DA230DD48057D5 /* Pods-Collection-View-AppStore.debug.xcconfig */ = {isa = PBXFileReference; includeInIndex = 1; lastKnownFileType = text.xcconfig; name = "Pods-Collection-View-AppStore.debug.xcconfig"; path = "Pods/Target Support Files/Pods-Collection-View-AppStore/Pods-Collection-View-AppStore.debug.xcconfig"; sourceTree = "<group>"; };
		CB50FEE1A754D5DAF22E0A8D /* Pods-Collection-View-AppStore.release.xcconfig */ = {isa = PBXFileReference; includeInIndex = 1; lastKnownFileType = text.xcconfig; name = "Pods-Collection-View-AppStore.release.xcconfig"; path = "Pods/Target Support Files/Pods-Collection-View-AppStore/Pods-Collection-View-AppStore.release.xcconfig"; sourceTree = "<group>"; };
		FDC880C381E53C40DA6698B4 /* Pods_Collection_View_AppStore.framework */ = {isa = PBXFileReference; explicitFileType = wrapper.framework; includeInIndex = 0; path = Pods_Collection_View_AppStore.framework; sourceTree = BUILT_PRODUCTS_DIR; };
/* End PBXFileReference section */

/* Begin PBXFrameworksBuildPhase section */
		6A17C3FD1EFD5AD30047CBA5 /* Frameworks */ = {
			isa = PBXFrameworksBuildPhase;
			buildActionMask = 2147483647;
			files = (
				11749A831858E7855472495C /* Pods_Collection_View_AppStore.framework in Frameworks */,
			);
			runOnlyForDeploymentPostprocessing = 0;
		};
/* End PBXFrameworksBuildPhase section */

/* Begin PBXGroup section */
		20E76B7AEBEB0C86A0BC6401 /* Pods */ = {
			isa = PBXGroup;
			children = (
				880230C4F0DA230DD48057D5 /* Pods-Collection-View-AppStore.debug.xcconfig */,
				CB50FEE1A754D5DAF22E0A8D /* Pods-Collection-View-AppStore.release.xcconfig */,
			);
			name = Pods;
			sourceTree = "<group>";
		};
		35AF904987D59C59CC329A2B /* Frameworks */ = {
			isa = PBXGroup;
			children = (
				FDC880C381E53C40DA6698B4 /* Pods_Collection_View_AppStore.framework */,
			);
			name = Frameworks;
			sourceTree = "<group>";
		};
		6A1367971F8D657500FC16F8 /* Resources */ = {
			isa = PBXGroup;
			children = (
				6A1367981F8D657F00FC16F8 /* GoogleService-Info.plist */,
			);
			name = Resources;
			sourceTree = "<group>";
		};
		6A17C3F71EFD5AD30047CBA5 = {
			isa = PBXGroup;
			children = (
				6A17C4021EFD5AD30047CBA5 /* Collection-View-AppStore */,
				6A17C4011EFD5AD30047CBA5 /* Products */,
				20E76B7AEBEB0C86A0BC6401 /* Pods */,
				35AF904987D59C59CC329A2B /* Frameworks */,
			);
			sourceTree = "<group>";
		};
		6A17C4011EFD5AD30047CBA5 /* Products */ = {
			isa = PBXGroup;
			children = (
				6A17C4001EFD5AD30047CBA5 /* Collection-View-AppStore.app */,
			);
			name = Products;
			sourceTree = "<group>";
		};
		6A17C4021EFD5AD30047CBA5 /* Collection-View-AppStore */ = {
			isa = PBXGroup;
			children = (
				6A1367971F8D657500FC16F8 /* Resources */,
				6A17C4171EFD5B1A0047CBA5 /* Model */,
				6A17C4161EFD5B120047CBA5 /* View */,
				6A17C4151EFD5AFD0047CBA5 /* Controller */,
				6A85FB4E1F004921001D3ECE /* Assets.xcassets */,
				6A17C40C1EFD5AD30047CBA5 /* LaunchScreen.storyboard */,
				6A17C40F1EFD5AD30047CBA5 /* Info.plist */,
			);
			path = "Collection-View-AppStore";
			sourceTree = "<group>";
		};
		6A17C4151EFD5AFD0047CBA5 /* Controller */ = {
			isa = PBXGroup;
			children = (
				6A13679E1F8D847000FC16F8 /* LoginViewController.swift */,
				6A17C4181EFD5B580047CBA5 /* FeedViewController.swift */,
			);
			name = Controller;
			sourceTree = "<group>";
		};
		6A17C4161EFD5B120047CBA5 /* View */ = {
			isa = PBXGroup;
			children = (
				6A17C43E1EFDBEA20047CBA5 /* WallpaperRoundedCardCell.swift */,
				6A17C43F1EFDBEA20047CBA5 /* WallpaperRoundedCardCell.xib */,
				6AC4A3A41FAA2E3600845B59 /* PopUpView.swift */,
				6AC4A3A51FAA2E3600845B59 /* PopUpView.xib */,
				6AB3DA561FB2598400E06B97 /* UploadWallpaperPopUp.swift */,
				6AB3DA571FB2598400E06B97 /* UploadWallpaperPopUp.xib */,
			);
			name = View;
			sourceTree = "<group>";
		};
		6A17C4171EFD5B1A0047CBA5 /* Model */ = {
			isa = PBXGroup;
			children = (
				6A17C4031EFD5AD30047CBA5 /* AppDelegate.swift */,
				6A17C4071EFD5AD30047CBA5 /* Main.storyboard */,
				6A13679A1F8D691B00FC16F8 /* Constants.swift */,
				6A13679C1F8D7DB500FC16F8 /* Wallpaper.swift */,
			);
			name = Model;
			sourceTree = "<group>";
		};
/* End PBXGroup section */

/* Begin PBXNativeTarget section */
		6A17C3FF1EFD5AD30047CBA5 /* Collection-View-AppStore */ = {
			isa = PBXNativeTarget;
			buildConfigurationList = 6A17C4121EFD5AD30047CBA5 /* Build configuration list for PBXNativeTarget "Collection-View-AppStore" */;
			buildPhases = (
				316C27380CBDABD097A2BEB0 /* [CP] Check Pods Manifest.lock */,
				6A17C3FC1EFD5AD30047CBA5 /* Sources */,
				6A17C3FD1EFD5AD30047CBA5 /* Frameworks */,
				6A17C3FE1EFD5AD30047CBA5 /* Resources */,
				F65115B8696A3B83642394D0 /* [CP] Embed Pods Frameworks */,
				1E8882BD11A317634091505C /* [CP] Copy Pods Resources */,
			);
			buildRules = (
			);
			dependencies = (
			);
			name = "Collection-View-AppStore";
			productName = "Collection-View-AppStore";
			productReference = 6A17C4001EFD5AD30047CBA5 /* Collection-View-AppStore.app */;
			productType = "com.apple.product-type.application";
		};
/* End PBXNativeTarget section */

/* Begin PBXProject section */
		6A17C3F81EFD5AD30047CBA5 /* Project object */ = {
			isa = PBXProject;
			attributes = {
				LastSwiftUpdateCheck = 0830;
				LastUpgradeCheck = 0830;
				ORGANIZATIONNAME = "C McGhee";
				TargetAttributes = {
					6A17C3FF1EFD5AD30047CBA5 = {
						CreatedOnToolsVersion = 8.3.2;
						DevelopmentTeam = 48HD6AZC2E;
						ProvisioningStyle = Automatic;
					};
				};
			};
			buildConfigurationList = 6A17C3FB1EFD5AD30047CBA5 /* Build configuration list for PBXProject "Collection-View-AppStore" */;
			compatibilityVersion = "Xcode 3.2";
			developmentRegion = English;
			hasScannedForEncodings = 0;
			knownRegions = (
				en,
				Base,
			);
			mainGroup = 6A17C3F71EFD5AD30047CBA5;
			productRefGroup = 6A17C4011EFD5AD30047CBA5 /* Products */;
			projectDirPath = "";
			projectRoot = "";
			targets = (
				6A17C3FF1EFD5AD30047CBA5 /* Collection-View-AppStore */,
			);
		};
/* End PBXProject section */

/* Begin PBXResourcesBuildPhase section */
		6A17C3FE1EFD5AD30047CBA5 /* Resources */ = {
			isa = PBXResourcesBuildPhase;
			buildActionMask = 2147483647;
			files = (
				6A17C4411EFDBEA20047CBA5 /* WallpaperRoundedCardCell.xib in Resources */,
				6A17C40E1EFD5AD30047CBA5 /* LaunchScreen.storyboard in Resources */,
				6A17C4091EFD5AD30047CBA5 /* Main.storyboard in Resources */,
				6A1367991F8D657F00FC16F8 /* GoogleService-Info.plist in Resources */,
				6A85FB4F1F004921001D3ECE /* Assets.xcassets in Resources */,
				6AC4A3A71FAA2E3600845B59 /* PopUpView.xib in Resources */,
				6AB3DA591FB2598400E06B97 /* UploadWallpaperPopUp.xib in Resources */,
			);
			runOnlyForDeploymentPostprocessing = 0;
		};
/* End PBXResourcesBuildPhase section */

/* Begin PBXShellScriptBuildPhase section */
		1E8882BD11A317634091505C /* [CP] Copy Pods Resources */ = {
			isa = PBXShellScriptBuildPhase;
			buildActionMask = 2147483647;
			files = (
			);
			inputPaths = (
			);
			name = "[CP] Copy Pods Resources";
			outputPaths = (
			);
			runOnlyForDeploymentPostprocessing = 0;
			shellPath = /bin/sh;
			shellScript = "\"${SRCROOT}/Pods/Target Support Files/Pods-Collection-View-AppStore/Pods-Collection-View-AppStore-resources.sh\"\n";
			showEnvVarsInLog = 0;
		};
		316C27380CBDABD097A2BEB0 /* [CP] Check Pods Manifest.lock */ = {
			isa = PBXShellScriptBuildPhase;
			buildActionMask = 2147483647;
			files = (
			);
			inputPaths = (
				"${PODS_PODFILE_DIR_PATH}/Podfile.lock",
				"${PODS_ROOT}/Manifest.lock",
			);
			name = "[CP] Check Pods Manifest.lock";
			outputPaths = (
				"$(DERIVED_FILE_DIR)/Pods-Collection-View-AppStore-checkManifestLockResult.txt",
			);
			runOnlyForDeploymentPostprocessing = 0;
			shellPath = /bin/sh;
			shellScript = "diff \"${PODS_PODFILE_DIR_PATH}/Podfile.lock\" \"${PODS_ROOT}/Manifest.lock\" > /dev/null\nif [ $? != 0 ] ; then\n    # print error to STDERR\n    echo \"error: The sandbox is not in sync with the Podfile.lock. Run 'pod install' or update your CocoaPods installation.\" >&2\n    exit 1\nfi\n# This output is used by Xcode 'outputs' to avoid re-running this script phase.\necho \"SUCCESS\" > \"${SCRIPT_OUTPUT_FILE_0}\"\n";
			showEnvVarsInLog = 0;
		};
		F65115B8696A3B83642394D0 /* [CP] Embed Pods Frameworks */ = {
			isa = PBXShellScriptBuildPhase;
			buildActionMask = 2147483647;
			files = (
			);
			inputPaths = (
				"${SRCROOT}/Pods/Target Support Files/Pods-Collection-View-AppStore/Pods-Collection-View-AppStore-frameworks.sh",
				"${BUILT_PRODUCTS_DIR}/GTMSessionFetcher/GTMSessionFetcher.framework",
				"${BUILT_PRODUCTS_DIR}/GlidingCollection/GlidingCollection.framework",
				"${BUILT_PRODUCTS_DIR}/GoogleToolboxForMac/GoogleToolboxForMac.framework",
				"${BUILT_PRODUCTS_DIR}/Kingfisher/Kingfisher.framework",
				"${BUILT_PRODUCTS_DIR}/SwiftyJSON/SwiftyJSON.framework",
				"${BUILT_PRODUCTS_DIR}/leveldb-library/leveldb.framework",
				"${BUILT_PRODUCTS_DIR}/nanopb/nanopb.framework",
			);
			name = "[CP] Embed Pods Frameworks";
			outputPaths = (
				"${TARGET_BUILD_DIR}/${FRAMEWORKS_FOLDER_PATH}/GTMSessionFetcher.framework",
				"${TARGET_BUILD_DIR}/${FRAMEWORKS_FOLDER_PATH}/GlidingCollection.framework",
				"${TARGET_BUILD_DIR}/${FRAMEWORKS_FOLDER_PATH}/GoogleToolboxForMac.framework",
				"${TARGET_BUILD_DIR}/${FRAMEWORKS_FOLDER_PATH}/Kingfisher.framework",
				"${TARGET_BUILD_DIR}/${FRAMEWORKS_FOLDER_PATH}/SwiftyJSON.framework",
				"${TARGET_BUILD_DIR}/${FRAMEWORKS_FOLDER_PATH}/leveldb.framework",
				"${TARGET_BUILD_DIR}/${FRAMEWORKS_FOLDER_PATH}/nanopb.framework",
			);
			runOnlyForDeploymentPostprocessing = 0;
			shellPath = /bin/sh;
			shellScript = "\"${SRCROOT}/Pods/Target Support Files/Pods-Collection-View-AppStore/Pods-Collection-View-AppStore-frameworks.sh\"\n";
			showEnvVarsInLog = 0;
		};
/* End PBXShellScriptBuildPhase section */

/* Begin PBXSourcesBuildPhase section */
		6A17C3FC1EFD5AD30047CBA5 /* Sources */ = {
			isa = PBXSourcesBuildPhase;
			buildActionMask = 2147483647;
			files = (
				6A17C4401EFDBEA20047CBA5 /* WallpaperRoundedCardCell.swift in Sources */,
				6A13679F1F8D847000FC16F8 /* LoginViewController.swift in Sources */,
				6AC4A3A61FAA2E3600845B59 /* PopUpView.swift in Sources */,
				6A17C4041EFD5AD30047CBA5 /* AppDelegate.swift in Sources */,
				6A13679D1F8D7DB500FC16F8 /* Wallpaper.swift in Sources */,
				6A17C4191EFD5B580047CBA5 /* FeedViewController.swift in Sources */,
				6AB3DA581FB2598400E06B97 /* UploadWallpaperPopUp.swift in Sources */,
				6A13679B1F8D691B00FC16F8 /* Constants.swift in Sources */,
			);
			runOnlyForDeploymentPostprocessing = 0;
		};
/* End PBXSourcesBuildPhase section */

/* Begin PBXVariantGroup section */
		6A17C4071EFD5AD30047CBA5 /* Main.storyboard */ = {
			isa = PBXVariantGroup;
			children = (
				6A17C4081EFD5AD30047CBA5 /* Base */,
			);
			name = Main.storyboard;
			sourceTree = "<group>";
		};
		6A17C40C1EFD5AD30047CBA5 /* LaunchScreen.storyboard */ = {
			isa = PBXVariantGroup;
			children = (
				6A17C40D1EFD5AD30047CBA5 /* Base */,
			);
			name = LaunchScreen.storyboard;
			sourceTree = "<group>";
		};
/* End PBXVariantGroup section */

/* Begin XCBuildConfiguration section */
		6A17C4101EFD5AD30047CBA5 /* Debug */ = {
			isa = XCBuildConfiguration;
			buildSettings = {
				ALWAYS_SEARCH_USER_PATHS = NO;
				CLANG_ANALYZER_NONNULL = YES;
				CLANG_ANALYZER_NUMBER_OBJECT_CONVERSION = YES_AGGRESSIVE;
				CLANG_CXX_LANGUAGE_STANDARD = "gnu++0x";
				CLANG_CXX_LIBRARY = "libc++";
				CLANG_ENABLE_MODULES = YES;
				CLANG_ENABLE_OBJC_ARC = YES;
				CLANG_WARN_BOOL_CONVERSION = YES;
				CLANG_WARN_CONSTANT_CONVERSION = YES;
				CLANG_WARN_DIRECT_OBJC_ISA_USAGE = YES_ERROR;
				CLANG_WARN_DOCUMENTATION_COMMENTS = YES;
				CLANG_WARN_EMPTY_BODY = YES;
				CLANG_WARN_ENUM_CONVERSION = YES;
				CLANG_WARN_INFINITE_RECURSION = YES;
				CLANG_WARN_INT_CONVERSION = YES;
				CLANG_WARN_OBJC_ROOT_CLASS = YES_ERROR;
				CLANG_WARN_SUSPICIOUS_MOVE = YES;
				CLANG_WARN_UNREACHABLE_CODE = YES;
				CLANG_WARN__DUPLICATE_METHOD_MATCH = YES;
				"CODE_SIGN_IDENTITY[sdk=iphoneos*]" = "iPhone Developer";
				COPY_PHASE_STRIP = NO;
				DEBUG_INFORMATION_FORMAT = dwarf;
				ENABLE_STRICT_OBJC_MSGSEND = YES;
				ENABLE_TESTABILITY = YES;
				GCC_C_LANGUAGE_STANDARD = gnu99;
				GCC_DYNAMIC_NO_PIC = NO;
				GCC_NO_COMMON_BLOCKS = YES;
				GCC_OPTIMIZATION_LEVEL = 0;
				GCC_PREPROCESSOR_DEFINITIONS = (
					"DEBUG=1",
					"$(inherited)",
				);
				GCC_WARN_64_TO_32_BIT_CONVERSION = YES;
				GCC_WARN_ABOUT_RETURN_TYPE = YES_ERROR;
				GCC_WARN_UNDECLARED_SELECTOR = YES;
				GCC_WARN_UNINITIALIZED_AUTOS = YES_AGGRESSIVE;
				GCC_WARN_UNUSED_FUNCTION = YES;
				GCC_WARN_UNUSED_VARIABLE = YES;
				IPHONEOS_DEPLOYMENT_TARGET = 10.3;
				MTL_ENABLE_DEBUG_INFO = YES;
				ONLY_ACTIVE_ARCH = YES;
				SDKROOT = iphoneos;
				SWIFT_ACTIVE_COMPILATION_CONDITIONS = DEBUG;
				SWIFT_OPTIMIZATION_LEVEL = "-Onone";
				TARGETED_DEVICE_FAMILY = "1,2";
			};
			name = Debug;
		};
		6A17C4111EFD5AD30047CBA5 /* Release */ = {
			isa = XCBuildConfiguration;
			buildSettings = {
				ALWAYS_SEARCH_USER_PATHS = NO;
				CLANG_ANALYZER_NONNULL = YES;
				CLANG_ANALYZER_NUMBER_OBJECT_CONVERSION = YES_AGGRESSIVE;
				CLANG_CXX_LANGUAGE_STANDARD = "gnu++0x";
				CLANG_CXX_LIBRARY = "libc++";
				CLANG_ENABLE_MODULES = YES;
				CLANG_ENABLE_OBJC_ARC = YES;
				CLANG_WARN_BOOL_CONVERSION = YES;
				CLANG_WARN_CONSTANT_CONVERSION = YES;
				CLANG_WARN_DIRECT_OBJC_ISA_USAGE = YES_ERROR;
				CLANG_WARN_DOCUMENTATION_COMMENTS = YES;
				CLANG_WARN_EMPTY_BODY = YES;
				CLANG_WARN_ENUM_CONVERSION = YES;
				CLANG_WARN_INFINITE_RECURSION = YES;
				CLANG_WARN_INT_CONVERSION = YES;
				CLANG_WARN_OBJC_ROOT_CLASS = YES_ERROR;
				CLANG_WARN_SUSPICIOUS_MOVE = YES;
				CLANG_WARN_UNREACHABLE_CODE = YES;
				CLANG_WARN__DUPLICATE_METHOD_MATCH = YES;
				"CODE_SIGN_IDENTITY[sdk=iphoneos*]" = "iPhone Developer";
				COPY_PHASE_STRIP = NO;
				DEBUG_INFORMATION_FORMAT = "dwarf-with-dsym";
				ENABLE_NS_ASSERTIONS = NO;
				ENABLE_STRICT_OBJC_MSGSEND = YES;
				GCC_C_LANGUAGE_STANDARD = gnu99;
				GCC_NO_COMMON_BLOCKS = YES;
				GCC_WARN_64_TO_32_BIT_CONVERSION = YES;
				GCC_WARN_ABOUT_RETURN_TYPE = YES_ERROR;
				GCC_WARN_UNDECLARED_SELECTOR = YES;
				GCC_WARN_UNINITIALIZED_AUTOS = YES_AGGRESSIVE;
				GCC_WARN_UNUSED_FUNCTION = YES;
				GCC_WARN_UNUSED_VARIABLE = YES;
				IPHONEOS_DEPLOYMENT_TARGET = 10.3;
				MTL_ENABLE_DEBUG_INFO = NO;
				SDKROOT = iphoneos;
				SWIFT_OPTIMIZATION_LEVEL = "-Owholemodule";
				TARGETED_DEVICE_FAMILY = "1,2";
				VALIDATE_PRODUCT = YES;
			};
			name = Release;
		};
		6A17C4131EFD5AD30047CBA5 /* Debug */ = {
			isa = XCBuildConfiguration;
			baseConfigurationReference = 880230C4F0DA230DD48057D5 /* Pods-Collection-View-AppStore.debug.xcconfig */;
			buildSettings = {
				ASSETCATALOG_COMPILER_APPICON_NAME = AppIcon;
				DEVELOPMENT_TEAM = 48HD6AZC2E;
				INFOPLIST_FILE = "Collection-View-AppStore/Info.plist";
				LD_RUNPATH_SEARCH_PATHS = "$(inherited) @executable_path/Frameworks";
				PRODUCT_BUNDLE_IDENTIFIER = "com.cmcgheit.Collection-View-AppStore";
				PRODUCT_NAME = "$(TARGET_NAME)";
				SWIFT_VERSION = 3.0;
			};
			name = Debug;
		};
		6A17C4141EFD5AD30047CBA5 /* Release */ = {
			isa = XCBuildConfiguration;
			baseConfigurationReference = CB50FEE1A754D5DAF22E0A8D /* Pods-Collection-View-AppStore.release.xcconfig */;
			buildSettings = {
				ASSETCATALOG_COMPILER_APPICON_NAME = AppIcon;
				DEVELOPMENT_TEAM = 48HD6AZC2E;
				INFOPLIST_FILE = "Collection-View-AppStore/Info.plist";
				LD_RUNPATH_SEARCH_PATHS = "$(inherited) @executable_path/Frameworks";
				PRODUCT_BUNDLE_IDENTIFIER = "com.cmcgheit.Collection-View-AppStore";
				PRODUCT_NAME = "$(TARGET_NAME)";
				SWIFT_VERSION = 3.0;
			};
			name = Release;
		};
/* End XCBuildConfiguration section */

/* Begin XCConfigurationList section */
		6A17C3FB1EFD5AD30047CBA5 /* Build configuration list for PBXProject "Collection-View-AppStore" */ = {
			isa = XCConfigurationList;
			buildConfigurations = (
				6A17C4101EFD5AD30047CBA5 /* Debug */,
				6A17C4111EFD5AD30047CBA5 /* Release */,
			);
			defaultConfigurationIsVisible = 0;
			defaultConfigurationName = Release;
		};
		6A17C4121EFD5AD30047CBA5 /* Build configuration list for PBXNativeTarget "Collection-View-AppStore" */ = {
			isa = XCConfigurationList;
			buildConfigurations = (
				6A17C4131EFD5AD30047CBA5 /* Debug */,
				6A17C4141EFD5AD30047CBA5 /* Release */,
			);
			defaultConfigurationIsVisible = 0;
			defaultConfigurationName = Release;
		};
/* End XCConfigurationList section */
	};
	rootObject = 6A17C3F81EFD5AD30047CBA5 /* Project object */;
}
